<?xml version="1.0" encoding="utf-8"?>
<Project ToolsVersion="4.0" xmlns="http://schemas.microsoft.com/developer/msbuild/2003">
  <ItemGroup>
    <Filter Include="include">
      <UniqueIdentifier>{89AF369E-F58E-B539-FEA6-40106A051C9B}</UniqueIdentifier>
    </Filter>
    <Filter Include="include\GL">
      <UniqueIdentifier>{4B40B8DA-37F8-F927-A0FF-D2838CD69418}</UniqueIdentifier>
    </Filter>
    <Filter Include="include\SDL">
      <UniqueIdentifier>{FB7BC031-6731-3927-F025-33FE5CDA2F2B}</UniqueIdentifier>
    </Filter>
    <Filter Include="include\box2D">
      <UniqueIdentifier>{772CF7A4-E3EC-72DB-AC27-BC5818A7B7B7}</UniqueIdentifier>
    </Filter>
    <Filter Include="include\entt">
      <UniqueIdentifier>{7392DA69-5FF5-690E-087B-A2C4F4BC3591}</UniqueIdentifier>
    </Filter>
    <Filter Include="include\glm">
      <UniqueIdentifier>{58D6C031-C48B-3927-4D80-33FEB934302B}</UniqueIdentifier>
    </Filter>
    <Filter Include="include\glm\detail">
      <UniqueIdentifier>{1A3BEF0A-061F-B060-6F7F-AAB35B829AE2}</UniqueIdentifier>
    </Filter>
    <Filter Include="include\glm\ext">
      <UniqueIdentifier>{B8C58F38-2451-FDFC-2D62-80F1996C59FD}</UniqueIdentifier>
    </Filter>
    <Filter Include="include\glm\gtc">
      <UniqueIdentifier>{A5CD8F38-1159-FDFC-1A6A-80F1867459FD}</UniqueIdentifier>
    </Filter>
    <Filter Include="include\glm\gtx">
      <UniqueIdentifier>{BACD8F38-2659-FDFC-2F6A-80F19B7459FD}</UniqueIdentifier>
    </Filter>
    <Filter Include="include\glm\simd">
      <UniqueIdentifier>{B4E98F4A-A0E2-AE9C-C914-9421B56C8EA8}</UniqueIdentifier>
    </Filter>
    <Filter Include="include\lua">
      <UniqueIdentifier>{BAECC031-26A2-3927-AF96-33FE1B4B302B}</UniqueIdentifier>
    </Filter>
    <Filter Include="include\nuklear">
      <UniqueIdentifier>{CA1B6368-36A7-D02C-3FB8-5321ABC22C2D}</UniqueIdentifier>
    </Filter>
    <Filter Include="include\nuklear\demo">
      <UniqueIdentifier>{BE1B49F4-AAAA-D2BD-53C9-E6B83F37E363}</UniqueIdentifier>
    </Filter>
    <Filter Include="include\nuklear\demo\allegro5">
      <UniqueIdentifier>{A8783658-1491-1D82-DD3D-AD1B4915B21B}</UniqueIdentifier>
    </Filter>
    <Filter Include="include\nuklear\demo\common">
      <UniqueIdentifier>{56DB6E83-C2E8-9C69-4BCF-9854B7DB6820}</UniqueIdentifier>
    </Filter>
    <Filter Include="include\nuklear\demo\common\filebrowser">
      <UniqueIdentifier>{094ABCBB-75D9-7DA6-7ED5-5EBEEAE3B8B2}</UniqueIdentifier>
    </Filter>
    <Filter Include="include\nuklear\demo\d3d11">
      <UniqueIdentifier>{6A21FC41-5631-A812-BFEA-0C31AB1997AB}</UniqueIdentifier>
    </Filter>
    <Filter Include="include\nuklear\demo\d3d12">
      <UniqueIdentifier>{6B21FC41-5731-A812-C0EA-0C31AC1997AB}</UniqueIdentifier>
    </Filter>
    <Filter Include="include\nuklear\demo\d3d9">
      <UniqueIdentifier>{215EF0C3-8D20-244E-D6D0-B2DA42D2FC2B}</UniqueIdentifier>
    </Filter>
    <Filter Include="include\nuklear\demo\gdi">
      <UniqueIdentifier>{0154E8E6-ED78-3767-16C4-1CF702483685}</UniqueIdentifier>
    </Filter>
    <Filter Include="include\nuklear\demo\gdi_native_nuklear">
      <UniqueIdentifier>{381199A2-A4A0-5A8D-AD9C-3BA519AB9599}</UniqueIdentifier>
    </Filter>
    <Filter Include="include\nuklear\demo\gdip">
      <UniqueIdentifier>{91D4F2C3-FD96-264E-4647-B5DAB248FF2B}</UniqueIdentifier>
    </Filter>
    <Filter Include="include\nuklear\demo\glfw_opengl2">
      <UniqueIdentifier>{B3C1C105-1F30-1785-6819-D284D4C60C21}</UniqueIdentifier>
    </Filter>
    <Filter Include="include\nuklear\demo\glfw_opengl3">
      <UniqueIdentifier>{B4C1C105-2030-1785-6919-D284D5C60C21}</UniqueIdentifier>
    </Filter>
    <Filter Include="include\nuklear\demo\glfw_opengl4">
      <UniqueIdentifier>{B5C1C105-2130-1785-6A19-D284D6C60C21}</UniqueIdentifier>
    </Filter>
    <Filter Include="include\nuklear\demo\sdl2surface_rawfb">
      <UniqueIdentifier>{1CB36A1A-0805-420A-F123-7F1ADD145BF3}</UniqueIdentifier>
    </Filter>
    <Filter Include="include\nuklear\demo\sdl_opengl3">
      <UniqueIdentifier>{8775D84F-73C6-C391-9C2A-B25388DA56FB}</UniqueIdentifier>
    </Filter>
    <Filter Include="include\nuklear\demo\sdl_opengles2">
      <UniqueIdentifier>{FED6CCA7-EA12-D011-5325-E8083F80782C}</UniqueIdentifier>
    </Filter>
    <Filter Include="include\nuklear\demo\sdl_renderer">
      <UniqueIdentifier>{068934D5-72F7-8954-BBE0-4454278E7FF0}</UniqueIdentifier>
    </Filter>
    <Filter Include="include\nuklear\demo\sfml_opengl2">
      <UniqueIdentifier>{95FFEE4B-016E-44CB-4A57-FFCAB6043A67}</UniqueIdentifier>
    </Filter>
    <Filter Include="include\nuklear\demo\sfml_opengl3">
      <UniqueIdentifier>{96FFEE4B-026E-44CB-4B57-FFCAB7043A67}</UniqueIdentifier>
    </Filter>
    <Filter Include="include\nuklear\demo\wayland_rawfb">
      <UniqueIdentifier>{4E5225A6-3A8E-2810-A3A0-40078FFBD02A}</UniqueIdentifier>
    </Filter>
    <Filter Include="include\nuklear\demo\x11">
      <UniqueIdentifier>{8795E8E6-73BA-3767-9C05-1DF788893685}</UniqueIdentifier>
    </Filter>
    <Filter Include="include\nuklear\demo\x11_opengl2">
      <UniqueIdentifier>{FD0ADF43-E95B-CA85-12C0-B847FE6F5DEF}</UniqueIdentifier>
    </Filter>
    <Filter Include="include\nuklear\demo\x11_opengl3">
      <UniqueIdentifier>{FE0ADF43-EA5B-CA85-13C0-B847FF6F5DEF}</UniqueIdentifier>
    </Filter>
    <Filter Include="include\nuklear\demo\x11_rawfb">
      <UniqueIdentifier>{78941A98-64BA-E4FE-4D00-6ACA39C509CB}</UniqueIdentifier>
    </Filter>
    <Filter Include="include\nuklear\demo\x11_xft">
      <UniqueIdentifier>{1825ECAC-04E0-DB58-AD97-54A3993126E9}</UniqueIdentifier>
    </Filter>
    <Filter Include="include\nuklear\example">
      <UniqueIdentifier>{A5575303-118F-9B9A-1A99-FFBD864FC293}</UniqueIdentifier>
    </Filter>
    <Filter Include="include\nuklear\src">
      <UniqueIdentifier>{E1AEDBD8-4D10-B9E6-D67D-FF9842DEEFA5}</UniqueIdentifier>
    </Filter>
    <Filter Include="include\sol">
      <UniqueIdentifier>{C609C131-32BF-3927-BBB3-33FE2768302B}</UniqueIdentifier>
    </Filter>
    <Filter Include="src">
      <UniqueIdentifier>{2DAB880B-99B4-887C-2230-9F7C8E38947C}</UniqueIdentifier>
    </Filter>
    <Filter Include="src\Entities">
      <UniqueIdentifier>{81A6B583-6D09-4528-168F-7DDE02D110AB}</UniqueIdentifier>
    </Filter>
    <Filter Include="src\GUISystem">
      <UniqueIdentifier>{2611FCAF-92D1-77E6-5B0C-C163C78BBCC2}</UniqueIdentifier>
    </Filter>
    <Filter Include="src\Platforms">
      <UniqueIdentifier>{B40E5C85-20CF-D7BB-E909-213955891C98}</UniqueIdentifier>
    </Filter>
    <Filter Include="src\Platforms\OpenGL">
      <UniqueIdentifier>{68A52600-5434-B0C9-FD52-C4C4E9C0C06F}</UniqueIdentifier>
    </Filter>
    <Filter Include="src\Platforms\OpenGLES3">
      <UniqueIdentifier>{D3BC1A31-3FF4-62C8-48FE-C6EBB4B489C1}</UniqueIdentifier>
    </Filter>
    <Filter Include="src\Render">
      <UniqueIdentifier>{FC94E62B-E84C-2879-5154-01D53D2BC369}</UniqueIdentifier>
    </Filter>
    <Filter Include="src\Render\Camera">
      <UniqueIdentifier>{F4355972-604C-5708-A9C3-E22915192890}</UniqueIdentifier>
    </Filter>
    <Filter Include="src\Systems">
      <UniqueIdentifier>{34DEBD24-A093-361A-2988-30F1953C2D1E}</UniqueIdentifier>
    </Filter>
    <Filter Include="src\core">
      <UniqueIdentifier>{C55F2ECF-B12C-89DA-DA45-7782C671BE68}</UniqueIdentifier>
    </Filter>
    <Filter Include="src\imgui">
      <UniqueIdentifier>{57A665B5-C310-1A2C-0C4F-CBD178F8F780}</UniqueIdentifier>
    </Filter>
  </ItemGroup>
  <ItemGroup>
    <ClInclude Include="include\GL\eglew.h">
      <Filter>include\GL</Filter>
    </ClInclude>
    <ClInclude Include="include\GL\glew.h">
      <Filter>include\GL</Filter>
    </ClInclude>
    <ClInclude Include="include\GL\glxew.h">
      <Filter>include\GL</Filter>
    </ClInclude>
    <ClInclude Include="include\GL\wglew.h">
      <Filter>include\GL</Filter>
    </ClInclude>
    <ClInclude Include="include\SDL\SDL.h">
      <Filter>include\SDL</Filter>
    </ClInclude>
    <ClInclude Include="include\SDL\SDL_assert.h">
      <Filter>include\SDL</Filter>
    </ClInclude>
    <ClInclude Include="include\SDL\SDL_atomic.h">
      <Filter>include\SDL</Filter>
    </ClInclude>
    <ClInclude Include="include\SDL\SDL_audio.h">
      <Filter>include\SDL</Filter>
    </ClInclude>
    <ClInclude Include="include\SDL\SDL_bits.h">
      <Filter>include\SDL</Filter>
    </ClInclude>
    <ClInclude Include="include\SDL\SDL_blendmode.h">
      <Filter>include\SDL</Filter>
    </ClInclude>
    <ClInclude Include="include\SDL\SDL_clipboard.h">
      <Filter>include\SDL</Filter>
    </ClInclude>
    <ClInclude Include="include\SDL\SDL_config.h">
      <Filter>include\SDL</Filter>
    </ClInclude>
    <ClInclude Include="include\SDL\SDL_config_android.h">
      <Filter>include\SDL</Filter>
    </ClInclude>
    <ClInclude Include="include\SDL\SDL_config_iphoneos.h">
      <Filter>include\SDL</Filter>
    </ClInclude>
    <ClInclude Include="include\SDL\SDL_config_macosx.h">
      <Filter>include\SDL</Filter>
    </ClInclude>
    <ClInclude Include="include\SDL\SDL_config_minimal.h">
      <Filter>include\SDL</Filter>
    </ClInclude>
    <ClInclude Include="include\SDL\SDL_config_pandora.h">
      <Filter>include\SDL</Filter>
    </ClInclude>
    <ClInclude Include="include\SDL\SDL_config_psp.h">
      <Filter>include\SDL</Filter>
    </ClInclude>
    <ClInclude Include="include\SDL\SDL_config_windows.h">
      <Filter>include\SDL</Filter>
    </ClInclude>
    <ClInclude Include="include\SDL\SDL_config_winrt.h">
      <Filter>include\SDL</Filter>
    </ClInclude>
    <ClInclude Include="include\SDL\SDL_config_wiz.h">
      <Filter>include\SDL</Filter>
    </ClInclude>
    <ClInclude Include="include\SDL\SDL_copying.h">
      <Filter>include\SDL</Filter>
    </ClInclude>
    <ClInclude Include="include\SDL\SDL_cpuinfo.h">
      <Filter>include\SDL</Filter>
    </ClInclude>
    <ClInclude Include="include\SDL\SDL_egl.h">
      <Filter>include\SDL</Filter>
    </ClInclude>
    <ClInclude Include="include\SDL\SDL_endian.h">
      <Filter>include\SDL</Filter>
    </ClInclude>
    <ClInclude Include="include\SDL\SDL_error.h">
      <Filter>include\SDL</Filter>
    </ClInclude>
    <ClInclude Include="include\SDL\SDL_events.h">
      <Filter>include\SDL</Filter>
    </ClInclude>
    <ClInclude Include="include\SDL\SDL_filesystem.h">
      <Filter>include\SDL</Filter>
    </ClInclude>
    <ClInclude Include="include\SDL\SDL_gamecontroller.h">
      <Filter>include\SDL</Filter>
    </ClInclude>
    <ClInclude Include="include\SDL\SDL_gesture.h">
      <Filter>include\SDL</Filter>
    </ClInclude>
    <ClInclude Include="include\SDL\SDL_haptic.h">
      <Filter>include\SDL</Filter>
    </ClInclude>
    <ClInclude Include="include\SDL\SDL_hidapi.h">
      <Filter>include\SDL</Filter>
    </ClInclude>
    <ClInclude Include="include\SDL\SDL_hints.h">
      <Filter>include\SDL</Filter>
    </ClInclude>
    <ClInclude Include="include\SDL\SDL_image.h">
      <Filter>include\SDL</Filter>
    </ClInclude>
    <ClInclude Include="include\SDL\SDL_joystick.h">
      <Filter>include\SDL</Filter>
    </ClInclude>
    <ClInclude Include="include\SDL\SDL_keyboard.h">
      <Filter>include\SDL</Filter>
    </ClInclude>
    <ClInclude Include="include\SDL\SDL_keycode.h">
      <Filter>include\SDL</Filter>
    </ClInclude>
    <ClInclude Include="include\SDL\SDL_loadso.h">
      <Filter>include\SDL</Filter>
    </ClInclude>
    <ClInclude Include="include\SDL\SDL_locale.h">
      <Filter>include\SDL</Filter>
    </ClInclude>
    <ClInclude Include="include\SDL\SDL_log.h">
      <Filter>include\SDL</Filter>
    </ClInclude>
    <ClInclude Include="include\SDL\SDL_main.h">
      <Filter>include\SDL</Filter>
    </ClInclude>
    <ClInclude Include="include\SDL\SDL_messagebox.h">
      <Filter>include\SDL</Filter>
    </ClInclude>
    <ClInclude Include="include\SDL\SDL_metal.h">
      <Filter>include\SDL</Filter>
    </ClInclude>
    <ClInclude Include="include\SDL\SDL_misc.h">
      <Filter>include\SDL</Filter>
    </ClInclude>
    <ClInclude Include="include\SDL\SDL_mixer.h">
      <Filter>include\SDL</Filter>
    </ClInclude>
    <ClInclude Include="include\SDL\SDL_mouse.h">
      <Filter>include\SDL</Filter>
    </ClInclude>
    <ClInclude Include="include\SDL\SDL_mutex.h">
      <Filter>include\SDL</Filter>
    </ClInclude>
    <ClInclude Include="include\SDL\SDL_name.h">
      <Filter>include\SDL</Filter>
    </ClInclude>
    <ClInclude Include="include\SDL\SDL_opengl.h">
      <Filter>include\SDL</Filter>
    </ClInclude>
    <ClInclude Include="include\SDL\SDL_opengl_glext.h">
      <Filter>include\SDL</Filter>
    </ClInclude>
    <ClInclude Include="include\SDL\SDL_opengles.h">
      <Filter>include\SDL</Filter>
    </ClInclude>
    <ClInclude Include="include\SDL\SDL_opengles2.h">
      <Filter>include\SDL</Filter>
    </ClInclude>
    <ClInclude Include="include\SDL\SDL_opengles2_gl2.h">
      <Filter>include\SDL</Filter>
    </ClInclude>
    <ClInclude Include="include\SDL\SDL_opengles2_gl2ext.h">
      <Filter>include\SDL</Filter>
    </ClInclude>
    <ClInclude Include="include\SDL\SDL_opengles2_gl2platform.h">
      <Filter>include\SDL</Filter>
    </ClInclude>
    <ClInclude Include="include\SDL\SDL_opengles2_khrplatform.h">
      <Filter>include\SDL</Filter>
    </ClInclude>
    <ClInclude Include="include\SDL\SDL_pixels.h">
      <Filter>include\SDL</Filter>
    </ClInclude>
    <ClInclude Include="include\SDL\SDL_platform.h">
      <Filter>include\SDL</Filter>
    </ClInclude>
    <ClInclude Include="include\SDL\SDL_power.h">
      <Filter>include\SDL</Filter>
    </ClInclude>
    <ClInclude Include="include\SDL\SDL_quit.h">
      <Filter>include\SDL</Filter>
    </ClInclude>
    <ClInclude Include="include\SDL\SDL_rect.h">
      <Filter>include\SDL</Filter>
    </ClInclude>
    <ClInclude Include="include\SDL\SDL_render.h">
      <Filter>include\SDL</Filter>
    </ClInclude>
    <ClInclude Include="include\SDL\SDL_revision.h">
      <Filter>include\SDL</Filter>
    </ClInclude>
    <ClInclude Include="include\SDL\SDL_rwops.h">
      <Filter>include\SDL</Filter>
    </ClInclude>
    <ClInclude Include="include\SDL\SDL_scancode.h">
      <Filter>include\SDL</Filter>
    </ClInclude>
    <ClInclude Include="include\SDL\SDL_sensor.h">
      <Filter>include\SDL</Filter>
    </ClInclude>
    <ClInclude Include="include\SDL\SDL_shape.h">
      <Filter>include\SDL</Filter>
    </ClInclude>
    <ClInclude Include="include\SDL\SDL_stdinc.h">
      <Filter>include\SDL</Filter>
    </ClInclude>
    <ClInclude Include="include\SDL\SDL_surface.h">
      <Filter>include\SDL</Filter>
    </ClInclude>
    <ClInclude Include="include\SDL\SDL_system.h">
      <Filter>include\SDL</Filter>
    </ClInclude>
    <ClInclude Include="include\SDL\SDL_syswm.h">
      <Filter>include\SDL</Filter>
    </ClInclude>
    <ClInclude Include="include\SDL\SDL_test.h">
      <Filter>include\SDL</Filter>
    </ClInclude>
    <ClInclude Include="include\SDL\SDL_test_assert.h">
      <Filter>include\SDL</Filter>
    </ClInclude>
    <ClInclude Include="include\SDL\SDL_test_common.h">
      <Filter>include\SDL</Filter>
    </ClInclude>
    <ClInclude Include="include\SDL\SDL_test_compare.h">
      <Filter>include\SDL</Filter>
    </ClInclude>
    <ClInclude Include="include\SDL\SDL_test_crc32.h">
      <Filter>include\SDL</Filter>
    </ClInclude>
    <ClInclude Include="include\SDL\SDL_test_font.h">
      <Filter>include\SDL</Filter>
    </ClInclude>
    <ClInclude Include="include\SDL\SDL_test_fuzzer.h">
      <Filter>include\SDL</Filter>
    </ClInclude>
    <ClInclude Include="include\SDL\SDL_test_harness.h">
      <Filter>include\SDL</Filter>
    </ClInclude>
    <ClInclude Include="include\SDL\SDL_test_images.h">
      <Filter>include\SDL</Filter>
    </ClInclude>
    <ClInclude Include="include\SDL\SDL_test_log.h">
      <Filter>include\SDL</Filter>
    </ClInclude>
    <ClInclude Include="include\SDL\SDL_test_md5.h">
      <Filter>include\SDL</Filter>
    </ClInclude>
    <ClInclude Include="include\SDL\SDL_test_memory.h">
      <Filter>include\SDL</Filter>
    </ClInclude>
    <ClInclude Include="include\SDL\SDL_test_random.h">
      <Filter>include\SDL</Filter>
    </ClInclude>
    <ClInclude Include="include\SDL\SDL_thread.h">
      <Filter>include\SDL</Filter>
    </ClInclude>
    <ClInclude Include="include\SDL\SDL_timer.h">
      <Filter>include\SDL</Filter>
    </ClInclude>
    <ClInclude Include="include\SDL\SDL_touch.h">
      <Filter>include\SDL</Filter>
    </ClInclude>
    <ClInclude Include="include\SDL\SDL_ttf.h">
      <Filter>include\SDL</Filter>
    </ClInclude>
    <ClInclude Include="include\SDL\SDL_types.h">
      <Filter>include\SDL</Filter>
    </ClInclude>
    <ClInclude Include="include\SDL\SDL_version.h">
      <Filter>include\SDL</Filter>
    </ClInclude>
    <ClInclude Include="include\SDL\SDL_video.h">
      <Filter>include\SDL</Filter>
    </ClInclude>
    <ClInclude Include="include\SDL\SDL_vulkan.h">
      <Filter>include\SDL</Filter>
    </ClInclude>
    <ClInclude Include="include\SDL\begin_code.h">
      <Filter>include\SDL</Filter>
    </ClInclude>
    <ClInclude Include="include\SDL\close_code.h">
      <Filter>include\SDL</Filter>
    </ClInclude>
    <ClInclude Include="include\box2D\b2_api.h">
      <Filter>include\box2D</Filter>
    </ClInclude>
    <ClInclude Include="include\box2D\b2_block_allocator.h">
      <Filter>include\box2D</Filter>
    </ClInclude>
    <ClInclude Include="include\box2D\b2_body.h">
      <Filter>include\box2D</Filter>
    </ClInclude>
    <ClInclude Include="include\box2D\b2_broad_phase.h">
      <Filter>include\box2D</Filter>
    </ClInclude>
    <ClInclude Include="include\box2D\b2_chain_shape.h">
      <Filter>include\box2D</Filter>
    </ClInclude>
    <ClInclude Include="include\box2D\b2_circle_shape.h">
      <Filter>include\box2D</Filter>
    </ClInclude>
    <ClInclude Include="include\box2D\b2_collision.h">
      <Filter>include\box2D</Filter>
    </ClInclude>
    <ClInclude Include="include\box2D\b2_common.h">
      <Filter>include\box2D</Filter>
    </ClInclude>
    <ClInclude Include="include\box2D\b2_contact.h">
      <Filter>include\box2D</Filter>
    </ClInclude>
    <ClInclude Include="include\box2D\b2_contact_manager.h">
      <Filter>include\box2D</Filter>
    </ClInclude>
    <ClInclude Include="include\box2D\b2_distance.h">
      <Filter>include\box2D</Filter>
    </ClInclude>
    <ClInclude Include="include\box2D\b2_distance_joint.h">
      <Filter>include\box2D</Filter>
    </ClInclude>
    <ClInclude Include="include\box2D\b2_draw.h">
      <Filter>include\box2D</Filter>
    </ClInclude>
    <ClInclude Include="include\box2D\b2_dynamic_tree.h">
      <Filter>include\box2D</Filter>
    </ClInclude>
    <ClInclude Include="include\box2D\b2_edge_shape.h">
      <Filter>include\box2D</Filter>
    </ClInclude>
    <ClInclude Include="include\box2D\b2_fixture.h">
      <Filter>include\box2D</Filter>
    </ClInclude>
    <ClInclude Include="include\box2D\b2_friction_joint.h">
      <Filter>include\box2D</Filter>
    </ClInclude>
    <ClInclude Include="include\box2D\b2_gear_joint.h">
      <Filter>include\box2D</Filter>
    </ClInclude>
    <ClInclude Include="include\box2D\b2_growable_stack.h">
      <Filter>include\box2D</Filter>
    </ClInclude>
    <ClInclude Include="include\box2D\b2_joint.h">
      <Filter>include\box2D</Filter>
    </ClInclude>
    <ClInclude Include="include\box2D\b2_math.h">
      <Filter>include\box2D</Filter>
    </ClInclude>
    <ClInclude Include="include\box2D\b2_motor_joint.h">
      <Filter>include\box2D</Filter>
    </ClInclude>
    <ClInclude Include="include\box2D\b2_mouse_joint.h">
      <Filter>include\box2D</Filter>
    </ClInclude>
    <ClInclude Include="include\box2D\b2_polygon_shape.h">
      <Filter>include\box2D</Filter>
    </ClInclude>
    <ClInclude Include="include\box2D\b2_prismatic_joint.h">
      <Filter>include\box2D</Filter>
    </ClInclude>
    <ClInclude Include="include\box2D\b2_pulley_joint.h">
      <Filter>include\box2D</Filter>
    </ClInclude>
    <ClInclude Include="include\box2D\b2_revolute_joint.h">
      <Filter>include\box2D</Filter>
    </ClInclude>
    <ClInclude Include="include\box2D\b2_rope.h">
      <Filter>include\box2D</Filter>
    </ClInclude>
    <ClInclude Include="include\box2D\b2_settings.h">
      <Filter>include\box2D</Filter>
    </ClInclude>
    <ClInclude Include="include\box2D\b2_shape.h">
      <Filter>include\box2D</Filter>
    </ClInclude>
    <ClInclude Include="include\box2D\b2_stack_allocator.h">
      <Filter>include\box2D</Filter>
    </ClInclude>
    <ClInclude Include="include\box2D\b2_time_of_impact.h">
      <Filter>include\box2D</Filter>
    </ClInclude>
    <ClInclude Include="include\box2D\b2_time_step.h">
      <Filter>include\box2D</Filter>
    </ClInclude>
    <ClInclude Include="include\box2D\b2_timer.h">
      <Filter>include\box2D</Filter>
    </ClInclude>
    <ClInclude Include="include\box2D\b2_types.h">
      <Filter>include\box2D</Filter>
    </ClInclude>
    <ClInclude Include="include\box2D\b2_weld_joint.h">
      <Filter>include\box2D</Filter>
    </ClInclude>
    <ClInclude Include="include\box2D\b2_wheel_joint.h">
      <Filter>include\box2D</Filter>
    </ClInclude>
    <ClInclude Include="include\box2D\b2_world.h">
      <Filter>include\box2D</Filter>
    </ClInclude>
    <ClInclude Include="include\box2D\b2_world_callbacks.h">
      <Filter>include\box2D</Filter>
    </ClInclude>
    <ClInclude Include="include\box2D\box2d.h">
      <Filter>include\box2D</Filter>
    </ClInclude>
    <ClInclude Include="include\entt\entt.hpp">
      <Filter>include\entt</Filter>
    </ClInclude>
    <ClInclude Include="include\glm\common.hpp">
      <Filter>include\glm</Filter>
    </ClInclude>
    <ClInclude Include="include\glm\detail\_features.hpp">
      <Filter>include\glm\detail</Filter>
    </ClInclude>
    <ClInclude Include="include\glm\detail\_fixes.hpp">
      <Filter>include\glm\detail</Filter>
    </ClInclude>
    <ClInclude Include="include\glm\detail\_noise.hpp">
      <Filter>include\glm\detail</Filter>
    </ClInclude>
    <ClInclude Include="include\glm\detail\_swizzle.hpp">
      <Filter>include\glm\detail</Filter>
    </ClInclude>
    <ClInclude Include="include\glm\detail\_swizzle_func.hpp">
      <Filter>include\glm\detail</Filter>
    </ClInclude>
    <ClInclude Include="include\glm\detail\_vectorize.hpp">
      <Filter>include\glm\detail</Filter>
    </ClInclude>
    <ClInclude Include="include\glm\detail\compute_common.hpp">
      <Filter>include\glm\detail</Filter>
    </ClInclude>
    <ClInclude Include="include\glm\detail\compute_vector_relational.hpp">
      <Filter>include\glm\detail</Filter>
    </ClInclude>
    <ClInclude Include="include\glm\detail\func_common.inl">
      <Filter>include\glm\detail</Filter>
    </ClInclude>
    <ClInclude Include="include\glm\detail\func_common_simd.inl">
      <Filter>include\glm\detail</Filter>
    </ClInclude>
    <ClInclude Include="include\glm\detail\func_exponential.inl">
      <Filter>include\glm\detail</Filter>
    </ClInclude>
    <ClInclude Include="include\glm\detail\func_exponential_simd.inl">
      <Filter>include\glm\detail</Filter>
    </ClInclude>
    <ClInclude Include="include\glm\detail\func_geometric.inl">
      <Filter>include\glm\detail</Filter>
    </ClInclude>
    <ClInclude Include="include\glm\detail\func_geometric_simd.inl">
      <Filter>include\glm\detail</Filter>
    </ClInclude>
    <ClInclude Include="include\glm\detail\func_integer.inl">
      <Filter>include\glm\detail</Filter>
    </ClInclude>
    <ClInclude Include="include\glm\detail\func_integer_simd.inl">
      <Filter>include\glm\detail</Filter>
    </ClInclude>
    <ClInclude Include="include\glm\detail\func_matrix.inl">
      <Filter>include\glm\detail</Filter>
    </ClInclude>
    <ClInclude Include="include\glm\detail\func_matrix_simd.inl">
      <Filter>include\glm\detail</Filter>
    </ClInclude>
    <ClInclude Include="include\glm\detail\func_packing.inl">
      <Filter>include\glm\detail</Filter>
    </ClInclude>
    <ClInclude Include="include\glm\detail\func_packing_simd.inl">
      <Filter>include\glm\detail</Filter>
    </ClInclude>
    <ClInclude Include="include\glm\detail\func_trigonometric.inl">
      <Filter>include\glm\detail</Filter>
    </ClInclude>
    <ClInclude Include="include\glm\detail\func_trigonometric_simd.inl">
      <Filter>include\glm\detail</Filter>
    </ClInclude>
    <ClInclude Include="include\glm\detail\func_vector_relational.inl">
      <Filter>include\glm\detail</Filter>
    </ClInclude>
    <ClInclude Include="include\glm\detail\func_vector_relational_simd.inl">
      <Filter>include\glm\detail</Filter>
    </ClInclude>
    <ClInclude Include="include\glm\detail\qualifier.hpp">
      <Filter>include\glm\detail</Filter>
    </ClInclude>
    <ClInclude Include="include\glm\detail\setup.hpp">
      <Filter>include\glm\detail</Filter>
    </ClInclude>
    <ClInclude Include="include\glm\detail\type_float.hpp">
      <Filter>include\glm\detail</Filter>
    </ClInclude>
    <ClInclude Include="include\glm\detail\type_half.hpp">
      <Filter>include\glm\detail</Filter>
    </ClInclude>
    <ClInclude Include="include\glm\detail\type_half.inl">
      <Filter>include\glm\detail</Filter>
    </ClInclude>
    <ClInclude Include="include\glm\detail\type_mat2x2.hpp">
      <Filter>include\glm\detail</Filter>
    </ClInclude>
    <ClInclude Include="include\glm\detail\type_mat2x2.inl">
      <Filter>include\glm\detail</Filter>
    </ClInclude>
    <ClInclude Include="include\glm\detail\type_mat2x3.hpp">
      <Filter>include\glm\detail</Filter>
    </ClInclude>
    <ClInclude Include="include\glm\detail\type_mat2x3.inl">
      <Filter>include\glm\detail</Filter>
    </ClInclude>
    <ClInclude Include="include\glm\detail\type_mat2x4.hpp">
      <Filter>include\glm\detail</Filter>
    </ClInclude>
    <ClInclude Include="include\glm\detail\type_mat2x4.inl">
      <Filter>include\glm\detail</Filter>
    </ClInclude>
    <ClInclude Include="include\glm\detail\type_mat3x2.hpp">
      <Filter>include\glm\detail</Filter>
    </ClInclude>
    <ClInclude Include="include\glm\detail\type_mat3x2.inl">
      <Filter>include\glm\detail</Filter>
    </ClInclude>
    <ClInclude Include="include\glm\detail\type_mat3x3.hpp">
      <Filter>include\glm\detail</Filter>
    </ClInclude>
    <ClInclude Include="include\glm\detail\type_mat3x3.inl">
      <Filter>include\glm\detail</Filter>
    </ClInclude>
    <ClInclude Include="include\glm\detail\type_mat3x4.hpp">
      <Filter>include\glm\detail</Filter>
    </ClInclude>
    <ClInclude Include="include\glm\detail\type_mat3x4.inl">
      <Filter>include\glm\detail</Filter>
    </ClInclude>
    <ClInclude Include="include\glm\detail\type_mat4x2.hpp">
      <Filter>include\glm\detail</Filter>
    </ClInclude>
    <ClInclude Include="include\glm\detail\type_mat4x2.inl">
      <Filter>include\glm\detail</Filter>
    </ClInclude>
    <ClInclude Include="include\glm\detail\type_mat4x3.hpp">
      <Filter>include\glm\detail</Filter>
    </ClInclude>
    <ClInclude Include="include\glm\detail\type_mat4x3.inl">
      <Filter>include\glm\detail</Filter>
    </ClInclude>
    <ClInclude Include="include\glm\detail\type_mat4x4.hpp">
      <Filter>include\glm\detail</Filter>
    </ClInclude>
    <ClInclude Include="include\glm\detail\type_mat4x4.inl">
      <Filter>include\glm\detail</Filter>
    </ClInclude>
    <ClInclude Include="include\glm\detail\type_mat4x4_simd.inl">
      <Filter>include\glm\detail</Filter>
    </ClInclude>
    <ClInclude Include="include\glm\detail\type_quat.hpp">
      <Filter>include\glm\detail</Filter>
    </ClInclude>
    <ClInclude Include="include\glm\detail\type_quat.inl">
      <Filter>include\glm\detail</Filter>
    </ClInclude>
    <ClInclude Include="include\glm\detail\type_quat_simd.inl">
      <Filter>include\glm\detail</Filter>
    </ClInclude>
    <ClInclude Include="include\glm\detail\type_vec1.hpp">
      <Filter>include\glm\detail</Filter>
    </ClInclude>
    <ClInclude Include="include\glm\detail\type_vec1.inl">
      <Filter>include\glm\detail</Filter>
    </ClInclude>
    <ClInclude Include="include\glm\detail\type_vec2.hpp">
      <Filter>include\glm\detail</Filter>
    </ClInclude>
    <ClInclude Include="include\glm\detail\type_vec2.inl">
      <Filter>include\glm\detail</Filter>
    </ClInclude>
    <ClInclude Include="include\glm\detail\type_vec3.hpp">
      <Filter>include\glm\detail</Filter>
    </ClInclude>
    <ClInclude Include="include\glm\detail\type_vec3.inl">
      <Filter>include\glm\detail</Filter>
    </ClInclude>
    <ClInclude Include="include\glm\detail\type_vec4.hpp">
      <Filter>include\glm\detail</Filter>
    </ClInclude>
    <ClInclude Include="include\glm\detail\type_vec4.inl">
      <Filter>include\glm\detail</Filter>
    </ClInclude>
    <ClInclude Include="include\glm\detail\type_vec4_simd.inl">
      <Filter>include\glm\detail</Filter>
    </ClInclude>
    <ClInclude Include="include\glm\exponential.hpp">
      <Filter>include\glm</Filter>
    </ClInclude>
    <ClInclude Include="include\glm\ext.hpp">
      <Filter>include\glm</Filter>
    </ClInclude>
    <ClInclude Include="include\glm\ext\matrix_clip_space.hpp">
      <Filter>include\glm\ext</Filter>
    </ClInclude>
    <ClInclude Include="include\glm\ext\matrix_clip_space.inl">
      <Filter>include\glm\ext</Filter>
    </ClInclude>
    <ClInclude Include="include\glm\ext\matrix_common.hpp">
      <Filter>include\glm\ext</Filter>
    </ClInclude>
    <ClInclude Include="include\glm\ext\matrix_common.inl">
      <Filter>include\glm\ext</Filter>
    </ClInclude>
    <ClInclude Include="include\glm\ext\matrix_double2x2.hpp">
      <Filter>include\glm\ext</Filter>
    </ClInclude>
    <ClInclude Include="include\glm\ext\matrix_double2x2_precision.hpp">
      <Filter>include\glm\ext</Filter>
    </ClInclude>
    <ClInclude Include="include\glm\ext\matrix_double2x3.hpp">
      <Filter>include\glm\ext</Filter>
    </ClInclude>
    <ClInclude Include="include\glm\ext\matrix_double2x3_precision.hpp">
      <Filter>include\glm\ext</Filter>
    </ClInclude>
    <ClInclude Include="include\glm\ext\matrix_double2x4.hpp">
      <Filter>include\glm\ext</Filter>
    </ClInclude>
    <ClInclude Include="include\glm\ext\matrix_double2x4_precision.hpp">
      <Filter>include\glm\ext</Filter>
    </ClInclude>
    <ClInclude Include="include\glm\ext\matrix_double3x2.hpp">
      <Filter>include\glm\ext</Filter>
    </ClInclude>
    <ClInclude Include="include\glm\ext\matrix_double3x2_precision.hpp">
      <Filter>include\glm\ext</Filter>
    </ClInclude>
    <ClInclude Include="include\glm\ext\matrix_double3x3.hpp">
      <Filter>include\glm\ext</Filter>
    </ClInclude>
    <ClInclude Include="include\glm\ext\matrix_double3x3_precision.hpp">
      <Filter>include\glm\ext</Filter>
    </ClInclude>
    <ClInclude Include="include\glm\ext\matrix_double3x4.hpp">
      <Filter>include\glm\ext</Filter>
    </ClInclude>
    <ClInclude Include="include\glm\ext\matrix_double3x4_precision.hpp">
      <Filter>include\glm\ext</Filter>
    </ClInclude>
    <ClInclude Include="include\glm\ext\matrix_double4x2.hpp">
      <Filter>include\glm\ext</Filter>
    </ClInclude>
    <ClInclude Include="include\glm\ext\matrix_double4x2_precision.hpp">
      <Filter>include\glm\ext</Filter>
    </ClInclude>
    <ClInclude Include="include\glm\ext\matrix_double4x3.hpp">
      <Filter>include\glm\ext</Filter>
    </ClInclude>
    <ClInclude Include="include\glm\ext\matrix_double4x3_precision.hpp">
      <Filter>include\glm\ext</Filter>
    </ClInclude>
    <ClInclude Include="include\glm\ext\matrix_double4x4.hpp">
      <Filter>include\glm\ext</Filter>
    </ClInclude>
    <ClInclude Include="include\glm\ext\matrix_double4x4_precision.hpp">
      <Filter>include\glm\ext</Filter>
    </ClInclude>
    <ClInclude Include="include\glm\ext\matrix_float2x2.hpp">
      <Filter>include\glm\ext</Filter>
    </ClInclude>
    <ClInclude Include="include\glm\ext\matrix_float2x2_precision.hpp">
      <Filter>include\glm\ext</Filter>
    </ClInclude>
    <ClInclude Include="include\glm\ext\matrix_float2x3.hpp">
      <Filter>include\glm\ext</Filter>
    </ClInclude>
    <ClInclude Include="include\glm\ext\matrix_float2x3_precision.hpp">
      <Filter>include\glm\ext</Filter>
    </ClInclude>
    <ClInclude Include="include\glm\ext\matrix_float2x4.hpp">
      <Filter>include\glm\ext</Filter>
    </ClInclude>
    <ClInclude Include="include\glm\ext\matrix_float2x4_precision.hpp">
      <Filter>include\glm\ext</Filter>
    </ClInclude>
    <ClInclude Include="include\glm\ext\matrix_float3x2.hpp">
      <Filter>include\glm\ext</Filter>
    </ClInclude>
    <ClInclude Include="include\glm\ext\matrix_float3x2_precision.hpp">
      <Filter>include\glm\ext</Filter>
    </ClInclude>
    <ClInclude Include="include\glm\ext\matrix_float3x3.hpp">
      <Filter>include\glm\ext</Filter>
    </ClInclude>
    <ClInclude Include="include\glm\ext\matrix_float3x3_precision.hpp">
      <Filter>include\glm\ext</Filter>
    </ClInclude>
    <ClInclude Include="include\glm\ext\matrix_float3x4.hpp">
      <Filter>include\glm\ext</Filter>
    </ClInclude>
    <ClInclude Include="include\glm\ext\matrix_float3x4_precision.hpp">
      <Filter>include\glm\ext</Filter>
    </ClInclude>
    <ClInclude Include="include\glm\ext\matrix_float4x2.hpp">
      <Filter>include\glm\ext</Filter>
    </ClInclude>
    <ClInclude Include="include\glm\ext\matrix_float4x2_precision.hpp">
      <Filter>include\glm\ext</Filter>
    </ClInclude>
    <ClInclude Include="include\glm\ext\matrix_float4x3.hpp">
      <Filter>include\glm\ext</Filter>
    </ClInclude>
    <ClInclude Include="include\glm\ext\matrix_float4x3_precision.hpp">
      <Filter>include\glm\ext</Filter>
    </ClInclude>
    <ClInclude Include="include\glm\ext\matrix_float4x4.hpp">
      <Filter>include\glm\ext</Filter>
    </ClInclude>
    <ClInclude Include="include\glm\ext\matrix_float4x4_precision.hpp">
      <Filter>include\glm\ext</Filter>
    </ClInclude>
    <ClInclude Include="include\glm\ext\matrix_int2x2.hpp">
      <Filter>include\glm\ext</Filter>
    </ClInclude>
    <ClInclude Include="include\glm\ext\matrix_int2x2_sized.hpp">
      <Filter>include\glm\ext</Filter>
    </ClInclude>
    <ClInclude Include="include\glm\ext\matrix_int2x3.hpp">
      <Filter>include\glm\ext</Filter>
    </ClInclude>
    <ClInclude Include="include\glm\ext\matrix_int2x3_sized.hpp">
      <Filter>include\glm\ext</Filter>
    </ClInclude>
    <ClInclude Include="include\glm\ext\matrix_int2x4.hpp">
      <Filter>include\glm\ext</Filter>
    </ClInclude>
    <ClInclude Include="include\glm\ext\matrix_int2x4_sized.hpp">
      <Filter>include\glm\ext</Filter>
    </ClInclude>
    <ClInclude Include="include\glm\ext\matrix_int3x2.hpp">
      <Filter>include\glm\ext</Filter>
    </ClInclude>
    <ClInclude Include="include\glm\ext\matrix_int3x2_sized.hpp">
      <Filter>include\glm\ext</Filter>
    </ClInclude>
    <ClInclude Include="include\glm\ext\matrix_int3x3.hpp">
      <Filter>include\glm\ext</Filter>
    </ClInclude>
    <ClInclude Include="include\glm\ext\matrix_int3x3_sized.hpp">
      <Filter>include\glm\ext</Filter>
    </ClInclude>
    <ClInclude Include="include\glm\ext\matrix_int3x4.hpp">
      <Filter>include\glm\ext</Filter>
    </ClInclude>
    <ClInclude Include="include\glm\ext\matrix_int3x4_sized.hpp">
      <Filter>include\glm\ext</Filter>
    </ClInclude>
    <ClInclude Include="include\glm\ext\matrix_int4x2.hpp">
      <Filter>include\glm\ext</Filter>
    </ClInclude>
    <ClInclude Include="include\glm\ext\matrix_int4x2_sized.hpp">
      <Filter>include\glm\ext</Filter>
    </ClInclude>
    <ClInclude Include="include\glm\ext\matrix_int4x3.hpp">
      <Filter>include\glm\ext</Filter>
    </ClInclude>
    <ClInclude Include="include\glm\ext\matrix_int4x3_sized.hpp">
      <Filter>include\glm\ext</Filter>
    </ClInclude>
    <ClInclude Include="include\glm\ext\matrix_int4x4.hpp">
      <Filter>include\glm\ext</Filter>
    </ClInclude>
    <ClInclude Include="include\glm\ext\matrix_int4x4_sized.hpp">
      <Filter>include\glm\ext</Filter>
    </ClInclude>
    <ClInclude Include="include\glm\ext\matrix_projection.hpp">
      <Filter>include\glm\ext</Filter>
    </ClInclude>
    <ClInclude Include="include\glm\ext\matrix_projection.inl">
      <Filter>include\glm\ext</Filter>
    </ClInclude>
    <ClInclude Include="include\glm\ext\matrix_relational.hpp">
      <Filter>include\glm\ext</Filter>
    </ClInclude>
    <ClInclude Include="include\glm\ext\matrix_relational.inl">
      <Filter>include\glm\ext</Filter>
    </ClInclude>
    <ClInclude Include="include\glm\ext\matrix_transform.hpp">
      <Filter>include\glm\ext</Filter>
    </ClInclude>
    <ClInclude Include="include\glm\ext\matrix_transform.inl">
      <Filter>include\glm\ext</Filter>
    </ClInclude>
    <ClInclude Include="include\glm\ext\matrix_uint2x2.hpp">
      <Filter>include\glm\ext</Filter>
    </ClInclude>
    <ClInclude Include="include\glm\ext\matrix_uint2x2_sized.hpp">
      <Filter>include\glm\ext</Filter>
    </ClInclude>
    <ClInclude Include="include\glm\ext\matrix_uint2x3.hpp">
      <Filter>include\glm\ext</Filter>
    </ClInclude>
    <ClInclude Include="include\glm\ext\matrix_uint2x3_sized.hpp">
      <Filter>include\glm\ext</Filter>
    </ClInclude>
    <ClInclude Include="include\glm\ext\matrix_uint2x4.hpp">
      <Filter>include\glm\ext</Filter>
    </ClInclude>
    <ClInclude Include="include\glm\ext\matrix_uint2x4_sized.hpp">
      <Filter>include\glm\ext</Filter>
    </ClInclude>
    <ClInclude Include="include\glm\ext\matrix_uint3x2.hpp">
      <Filter>include\glm\ext</Filter>
    </ClInclude>
    <ClInclude Include="include\glm\ext\matrix_uint3x2_sized.hpp">
      <Filter>include\glm\ext</Filter>
    </ClInclude>
    <ClInclude Include="include\glm\ext\matrix_uint3x3.hpp">
      <Filter>include\glm\ext</Filter>
    </ClInclude>
    <ClInclude Include="include\glm\ext\matrix_uint3x3_sized.hpp">
      <Filter>include\glm\ext</Filter>
    </ClInclude>
    <ClInclude Include="include\glm\ext\matrix_uint3x4.hpp">
      <Filter>include\glm\ext</Filter>
    </ClInclude>
    <ClInclude Include="include\glm\ext\matrix_uint3x4_sized.hpp">
      <Filter>include\glm\ext</Filter>
    </ClInclude>
    <ClInclude Include="include\glm\ext\matrix_uint4x2.hpp">
      <Filter>include\glm\ext</Filter>
    </ClInclude>
    <ClInclude Include="include\glm\ext\matrix_uint4x2_sized.hpp">
      <Filter>include\glm\ext</Filter>
    </ClInclude>
    <ClInclude Include="include\glm\ext\matrix_uint4x3.hpp">
      <Filter>include\glm\ext</Filter>
    </ClInclude>
    <ClInclude Include="include\glm\ext\matrix_uint4x3_sized.hpp">
      <Filter>include\glm\ext</Filter>
    </ClInclude>
    <ClInclude Include="include\glm\ext\matrix_uint4x4.hpp">
      <Filter>include\glm\ext</Filter>
    </ClInclude>
    <ClInclude Include="include\glm\ext\matrix_uint4x4_sized.hpp">
      <Filter>include\glm\ext</Filter>
    </ClInclude>
    <ClInclude Include="include\glm\ext\quaternion_common.hpp">
      <Filter>include\glm\ext</Filter>
    </ClInclude>
    <ClInclude Include="include\glm\ext\quaternion_common.inl">
      <Filter>include\glm\ext</Filter>
    </ClInclude>
    <ClInclude Include="include\glm\ext\quaternion_common_simd.inl">
      <Filter>include\glm\ext</Filter>
    </ClInclude>
    <ClInclude Include="include\glm\ext\quaternion_double.hpp">
      <Filter>include\glm\ext</Filter>
    </ClInclude>
    <ClInclude Include="include\glm\ext\quaternion_double_precision.hpp">
      <Filter>include\glm\ext</Filter>
    </ClInclude>
    <ClInclude Include="include\glm\ext\quaternion_exponential.hpp">
      <Filter>include\glm\ext</Filter>
    </ClInclude>
    <ClInclude Include="include\glm\ext\quaternion_exponential.inl">
      <Filter>include\glm\ext</Filter>
    </ClInclude>
    <ClInclude Include="include\glm\ext\quaternion_float.hpp">
      <Filter>include\glm\ext</Filter>
    </ClInclude>
    <ClInclude Include="include\glm\ext\quaternion_float_precision.hpp">
      <Filter>include\glm\ext</Filter>
    </ClInclude>
    <ClInclude Include="include\glm\ext\quaternion_geometric.hpp">
      <Filter>include\glm\ext</Filter>
    </ClInclude>
    <ClInclude Include="include\glm\ext\quaternion_geometric.inl">
      <Filter>include\glm\ext</Filter>
    </ClInclude>
    <ClInclude Include="include\glm\ext\quaternion_relational.hpp">
      <Filter>include\glm\ext</Filter>
    </ClInclude>
    <ClInclude Include="include\glm\ext\quaternion_relational.inl">
      <Filter>include\glm\ext</Filter>
    </ClInclude>
    <ClInclude Include="include\glm\ext\quaternion_transform.hpp">
      <Filter>include\glm\ext</Filter>
    </ClInclude>
    <ClInclude Include="include\glm\ext\quaternion_transform.inl">
      <Filter>include\glm\ext</Filter>
    </ClInclude>
    <ClInclude Include="include\glm\ext\quaternion_trigonometric.hpp">
      <Filter>include\glm\ext</Filter>
    </ClInclude>
    <ClInclude Include="include\glm\ext\quaternion_trigonometric.inl">
      <Filter>include\glm\ext</Filter>
    </ClInclude>
    <ClInclude Include="include\glm\ext\scalar_common.hpp">
      <Filter>include\glm\ext</Filter>
    </ClInclude>
    <ClInclude Include="include\glm\ext\scalar_common.inl">
      <Filter>include\glm\ext</Filter>
    </ClInclude>
    <ClInclude Include="include\glm\ext\scalar_constants.hpp">
      <Filter>include\glm\ext</Filter>
    </ClInclude>
    <ClInclude Include="include\glm\ext\scalar_constants.inl">
      <Filter>include\glm\ext</Filter>
    </ClInclude>
    <ClInclude Include="include\glm\ext\scalar_int_sized.hpp">
      <Filter>include\glm\ext</Filter>
    </ClInclude>
    <ClInclude Include="include\glm\ext\scalar_integer.hpp">
      <Filter>include\glm\ext</Filter>
    </ClInclude>
    <ClInclude Include="include\glm\ext\scalar_integer.inl">
      <Filter>include\glm\ext</Filter>
    </ClInclude>
    <ClInclude Include="include\glm\ext\scalar_packing.hpp">
      <Filter>include\glm\ext</Filter>
    </ClInclude>
    <ClInclude Include="include\glm\ext\scalar_packing.inl">
      <Filter>include\glm\ext</Filter>
    </ClInclude>
    <ClInclude Include="include\glm\ext\scalar_relational.hpp">
      <Filter>include\glm\ext</Filter>
    </ClInclude>
    <ClInclude Include="include\glm\ext\scalar_relational.inl">
      <Filter>include\glm\ext</Filter>
    </ClInclude>
    <ClInclude Include="include\glm\ext\scalar_uint_sized.hpp">
      <Filter>include\glm\ext</Filter>
    </ClInclude>
    <ClInclude Include="include\glm\ext\scalar_ulp.hpp">
      <Filter>include\glm\ext</Filter>
    </ClInclude>
    <ClInclude Include="include\glm\ext\scalar_ulp.inl">
      <Filter>include\glm\ext</Filter>
    </ClInclude>
    <ClInclude Include="include\glm\ext\vector_bool1.hpp">
      <Filter>include\glm\ext</Filter>
    </ClInclude>
    <ClInclude Include="include\glm\ext\vector_bool1_precision.hpp">
      <Filter>include\glm\ext</Filter>
    </ClInclude>
    <ClInclude Include="include\glm\ext\vector_bool2.hpp">
      <Filter>include\glm\ext</Filter>
    </ClInclude>
    <ClInclude Include="include\glm\ext\vector_bool2_precision.hpp">
      <Filter>include\glm\ext</Filter>
    </ClInclude>
    <ClInclude Include="include\glm\ext\vector_bool3.hpp">
      <Filter>include\glm\ext</Filter>
    </ClInclude>
    <ClInclude Include="include\glm\ext\vector_bool3_precision.hpp">
      <Filter>include\glm\ext</Filter>
    </ClInclude>
    <ClInclude Include="include\glm\ext\vector_bool4.hpp">
      <Filter>include\glm\ext</Filter>
    </ClInclude>
    <ClInclude Include="include\glm\ext\vector_bool4_precision.hpp">
      <Filter>include\glm\ext</Filter>
    </ClInclude>
    <ClInclude Include="include\glm\ext\vector_common.hpp">
      <Filter>include\glm\ext</Filter>
    </ClInclude>
    <ClInclude Include="include\glm\ext\vector_common.inl">
      <Filter>include\glm\ext</Filter>
    </ClInclude>
    <ClInclude Include="include\glm\ext\vector_double1.hpp">
      <Filter>include\glm\ext</Filter>
    </ClInclude>
    <ClInclude Include="include\glm\ext\vector_double1_precision.hpp">
      <Filter>include\glm\ext</Filter>
    </ClInclude>
    <ClInclude Include="include\glm\ext\vector_double2.hpp">
      <Filter>include\glm\ext</Filter>
    </ClInclude>
    <ClInclude Include="include\glm\ext\vector_double2_precision.hpp">
      <Filter>include\glm\ext</Filter>
    </ClInclude>
    <ClInclude Include="include\glm\ext\vector_double3.hpp">
      <Filter>include\glm\ext</Filter>
    </ClInclude>
    <ClInclude Include="include\glm\ext\vector_double3_precision.hpp">
      <Filter>include\glm\ext</Filter>
    </ClInclude>
    <ClInclude Include="include\glm\ext\vector_double4.hpp">
      <Filter>include\glm\ext</Filter>
    </ClInclude>
    <ClInclude Include="include\glm\ext\vector_double4_precision.hpp">
      <Filter>include\glm\ext</Filter>
    </ClInclude>
    <ClInclude Include="include\glm\ext\vector_float1.hpp">
      <Filter>include\glm\ext</Filter>
    </ClInclude>
    <ClInclude Include="include\glm\ext\vector_float1_precision.hpp">
      <Filter>include\glm\ext</Filter>
    </ClInclude>
    <ClInclude Include="include\glm\ext\vector_float2.hpp">
      <Filter>include\glm\ext</Filter>
    </ClInclude>
    <ClInclude Include="include\glm\ext\vector_float2_precision.hpp">
      <Filter>include\glm\ext</Filter>
    </ClInclude>
    <ClInclude Include="include\glm\ext\vector_float3.hpp">
      <Filter>include\glm\ext</Filter>
    </ClInclude>
    <ClInclude Include="include\glm\ext\vector_float3_precision.hpp">
      <Filter>include\glm\ext</Filter>
    </ClInclude>
    <ClInclude Include="include\glm\ext\vector_float4.hpp">
      <Filter>include\glm\ext</Filter>
    </ClInclude>
    <ClInclude Include="include\glm\ext\vector_float4_precision.hpp">
      <Filter>include\glm\ext</Filter>
    </ClInclude>
    <ClInclude Include="include\glm\ext\vector_int1.hpp">
      <Filter>include\glm\ext</Filter>
    </ClInclude>
    <ClInclude Include="include\glm\ext\vector_int1_sized.hpp">
      <Filter>include\glm\ext</Filter>
    </ClInclude>
    <ClInclude Include="include\glm\ext\vector_int2.hpp">
      <Filter>include\glm\ext</Filter>
    </ClInclude>
    <ClInclude Include="include\glm\ext\vector_int2_sized.hpp">
      <Filter>include\glm\ext</Filter>
    </ClInclude>
    <ClInclude Include="include\glm\ext\vector_int3.hpp">
      <Filter>include\glm\ext</Filter>
    </ClInclude>
    <ClInclude Include="include\glm\ext\vector_int3_sized.hpp">
      <Filter>include\glm\ext</Filter>
    </ClInclude>
    <ClInclude Include="include\glm\ext\vector_int4.hpp">
      <Filter>include\glm\ext</Filter>
    </ClInclude>
    <ClInclude Include="include\glm\ext\vector_int4_sized.hpp">
      <Filter>include\glm\ext</Filter>
    </ClInclude>
    <ClInclude Include="include\glm\ext\vector_integer.hpp">
      <Filter>include\glm\ext</Filter>
    </ClInclude>
    <ClInclude Include="include\glm\ext\vector_integer.inl">
      <Filter>include\glm\ext</Filter>
    </ClInclude>
    <ClInclude Include="include\glm\ext\vector_packing.hpp">
      <Filter>include\glm\ext</Filter>
    </ClInclude>
    <ClInclude Include="include\glm\ext\vector_packing.inl">
      <Filter>include\glm\ext</Filter>
    </ClInclude>
    <ClInclude Include="include\glm\ext\vector_relational.hpp">
      <Filter>include\glm\ext</Filter>
    </ClInclude>
    <ClInclude Include="include\glm\ext\vector_relational.inl">
      <Filter>include\glm\ext</Filter>
    </ClInclude>
    <ClInclude Include="include\glm\ext\vector_uint1.hpp">
      <Filter>include\glm\ext</Filter>
    </ClInclude>
    <ClInclude Include="include\glm\ext\vector_uint1_sized.hpp">
      <Filter>include\glm\ext</Filter>
    </ClInclude>
    <ClInclude Include="include\glm\ext\vector_uint2.hpp">
      <Filter>include\glm\ext</Filter>
    </ClInclude>
    <ClInclude Include="include\glm\ext\vector_uint2_sized.hpp">
      <Filter>include\glm\ext</Filter>
    </ClInclude>
    <ClInclude Include="include\glm\ext\vector_uint3.hpp">
      <Filter>include\glm\ext</Filter>
    </ClInclude>
    <ClInclude Include="include\glm\ext\vector_uint3_sized.hpp">
      <Filter>include\glm\ext</Filter>
    </ClInclude>
    <ClInclude Include="include\glm\ext\vector_uint4.hpp">
      <Filter>include\glm\ext</Filter>
    </ClInclude>
    <ClInclude Include="include\glm\ext\vector_uint4_sized.hpp">
      <Filter>include\glm\ext</Filter>
    </ClInclude>
    <ClInclude Include="include\glm\ext\vector_ulp.hpp">
      <Filter>include\glm\ext</Filter>
    </ClInclude>
    <ClInclude Include="include\glm\ext\vector_ulp.inl">
      <Filter>include\glm\ext</Filter>
    </ClInclude>
    <ClInclude Include="include\glm\fwd.hpp">
      <Filter>include\glm</Filter>
    </ClInclude>
    <ClInclude Include="include\glm\geometric.hpp">
      <Filter>include\glm</Filter>
    </ClInclude>
    <ClInclude Include="include\glm\glm.hpp">
      <Filter>include\glm</Filter>
    </ClInclude>
    <ClInclude Include="include\glm\gtc\bitfield.hpp">
      <Filter>include\glm\gtc</Filter>
    </ClInclude>
    <ClInclude Include="include\glm\gtc\bitfield.inl">
      <Filter>include\glm\gtc</Filter>
    </ClInclude>
    <ClInclude Include="include\glm\gtc\color_space.hpp">
      <Filter>include\glm\gtc</Filter>
    </ClInclude>
    <ClInclude Include="include\glm\gtc\color_space.inl">
      <Filter>include\glm\gtc</Filter>
    </ClInclude>
    <ClInclude Include="include\glm\gtc\constants.hpp">
      <Filter>include\glm\gtc</Filter>
    </ClInclude>
    <ClInclude Include="include\glm\gtc\constants.inl">
      <Filter>include\glm\gtc</Filter>
    </ClInclude>
    <ClInclude Include="include\glm\gtc\epsilon.hpp">
      <Filter>include\glm\gtc</Filter>
    </ClInclude>
    <ClInclude Include="include\glm\gtc\epsilon.inl">
      <Filter>include\glm\gtc</Filter>
    </ClInclude>
    <ClInclude Include="include\glm\gtc\integer.hpp">
      <Filter>include\glm\gtc</Filter>
    </ClInclude>
    <ClInclude Include="include\glm\gtc\integer.inl">
      <Filter>include\glm\gtc</Filter>
    </ClInclude>
    <ClInclude Include="include\glm\gtc\matrix_access.hpp">
      <Filter>include\glm\gtc</Filter>
    </ClInclude>
    <ClInclude Include="include\glm\gtc\matrix_access.inl">
      <Filter>include\glm\gtc</Filter>
    </ClInclude>
    <ClInclude Include="include\glm\gtc\matrix_integer.hpp">
      <Filter>include\glm\gtc</Filter>
    </ClInclude>
    <ClInclude Include="include\glm\gtc\matrix_inverse.hpp">
      <Filter>include\glm\gtc</Filter>
    </ClInclude>
    <ClInclude Include="include\glm\gtc\matrix_inverse.inl">
      <Filter>include\glm\gtc</Filter>
    </ClInclude>
    <ClInclude Include="include\glm\gtc\matrix_transform.hpp">
      <Filter>include\glm\gtc</Filter>
    </ClInclude>
    <ClInclude Include="include\glm\gtc\matrix_transform.inl">
      <Filter>include\glm\gtc</Filter>
    </ClInclude>
    <ClInclude Include="include\glm\gtc\noise.hpp">
      <Filter>include\glm\gtc</Filter>
    </ClInclude>
    <ClInclude Include="include\glm\gtc\noise.inl">
      <Filter>include\glm\gtc</Filter>
    </ClInclude>
    <ClInclude Include="include\glm\gtc\packing.hpp">
      <Filter>include\glm\gtc</Filter>
    </ClInclude>
    <ClInclude Include="include\glm\gtc\packing.inl">
      <Filter>include\glm\gtc</Filter>
    </ClInclude>
    <ClInclude Include="include\glm\gtc\quaternion.hpp">
      <Filter>include\glm\gtc</Filter>
    </ClInclude>
    <ClInclude Include="include\glm\gtc\quaternion.inl">
      <Filter>include\glm\gtc</Filter>
    </ClInclude>
    <ClInclude Include="include\glm\gtc\quaternion_simd.inl">
      <Filter>include\glm\gtc</Filter>
    </ClInclude>
    <ClInclude Include="include\glm\gtc\random.hpp">
      <Filter>include\glm\gtc</Filter>
    </ClInclude>
    <ClInclude Include="include\glm\gtc\random.inl">
      <Filter>include\glm\gtc</Filter>
    </ClInclude>
    <ClInclude Include="include\glm\gtc\reciprocal.hpp">
      <Filter>include\glm\gtc</Filter>
    </ClInclude>
    <ClInclude Include="include\glm\gtc\reciprocal.inl">
      <Filter>include\glm\gtc</Filter>
    </ClInclude>
    <ClInclude Include="include\glm\gtc\round.hpp">
      <Filter>include\glm\gtc</Filter>
    </ClInclude>
    <ClInclude Include="include\glm\gtc\round.inl">
      <Filter>include\glm\gtc</Filter>
    </ClInclude>
    <ClInclude Include="include\glm\gtc\type_aligned.hpp">
      <Filter>include\glm\gtc</Filter>
    </ClInclude>
    <ClInclude Include="include\glm\gtc\type_precision.hpp">
      <Filter>include\glm\gtc</Filter>
    </ClInclude>
    <ClInclude Include="include\glm\gtc\type_precision.inl">
      <Filter>include\glm\gtc</Filter>
    </ClInclude>
    <ClInclude Include="include\glm\gtc\type_ptr.hpp">
      <Filter>include\glm\gtc</Filter>
    </ClInclude>
    <ClInclude Include="include\glm\gtc\type_ptr.inl">
      <Filter>include\glm\gtc</Filter>
    </ClInclude>
    <ClInclude Include="include\glm\gtc\ulp.hpp">
      <Filter>include\glm\gtc</Filter>
    </ClInclude>
    <ClInclude Include="include\glm\gtc\ulp.inl">
      <Filter>include\glm\gtc</Filter>
    </ClInclude>
    <ClInclude Include="include\glm\gtc\vec1.hpp">
      <Filter>include\glm\gtc</Filter>
    </ClInclude>
    <ClInclude Include="include\glm\gtx\associated_min_max.hpp">
      <Filter>include\glm\gtx</Filter>
    </ClInclude>
    <ClInclude Include="include\glm\gtx\associated_min_max.inl">
      <Filter>include\glm\gtx</Filter>
    </ClInclude>
    <ClInclude Include="include\glm\gtx\bit.hpp">
      <Filter>include\glm\gtx</Filter>
    </ClInclude>
    <ClInclude Include="include\glm\gtx\bit.inl">
      <Filter>include\glm\gtx</Filter>
    </ClInclude>
    <ClInclude Include="include\glm\gtx\closest_point.hpp">
      <Filter>include\glm\gtx</Filter>
    </ClInclude>
    <ClInclude Include="include\glm\gtx\closest_point.inl">
      <Filter>include\glm\gtx</Filter>
    </ClInclude>
    <ClInclude Include="include\glm\gtx\color_encoding.hpp">
      <Filter>include\glm\gtx</Filter>
    </ClInclude>
    <ClInclude Include="include\glm\gtx\color_encoding.inl">
      <Filter>include\glm\gtx</Filter>
    </ClInclude>
    <ClInclude Include="include\glm\gtx\color_space.hpp">
      <Filter>include\glm\gtx</Filter>
    </ClInclude>
    <ClInclude Include="include\glm\gtx\color_space.inl">
      <Filter>include\glm\gtx</Filter>
    </ClInclude>
    <ClInclude Include="include\glm\gtx\color_space_YCoCg.hpp">
      <Filter>include\glm\gtx</Filter>
    </ClInclude>
    <ClInclude Include="include\glm\gtx\color_space_YCoCg.inl">
      <Filter>include\glm\gtx</Filter>
    </ClInclude>
    <ClInclude Include="include\glm\gtx\common.hpp">
      <Filter>include\glm\gtx</Filter>
    </ClInclude>
    <ClInclude Include="include\glm\gtx\common.inl">
      <Filter>include\glm\gtx</Filter>
    </ClInclude>
    <ClInclude Include="include\glm\gtx\compatibility.hpp">
      <Filter>include\glm\gtx</Filter>
    </ClInclude>
    <ClInclude Include="include\glm\gtx\compatibility.inl">
      <Filter>include\glm\gtx</Filter>
    </ClInclude>
    <ClInclude Include="include\glm\gtx\component_wise.hpp">
      <Filter>include\glm\gtx</Filter>
    </ClInclude>
    <ClInclude Include="include\glm\gtx\component_wise.inl">
      <Filter>include\glm\gtx</Filter>
    </ClInclude>
    <ClInclude Include="include\glm\gtx\dual_quaternion.hpp">
      <Filter>include\glm\gtx</Filter>
    </ClInclude>
    <ClInclude Include="include\glm\gtx\dual_quaternion.inl">
      <Filter>include\glm\gtx</Filter>
    </ClInclude>
    <ClInclude Include="include\glm\gtx\easing.hpp">
      <Filter>include\glm\gtx</Filter>
    </ClInclude>
    <ClInclude Include="include\glm\gtx\easing.inl">
      <Filter>include\glm\gtx</Filter>
    </ClInclude>
    <ClInclude Include="include\glm\gtx\euler_angles.hpp">
      <Filter>include\glm\gtx</Filter>
    </ClInclude>
    <ClInclude Include="include\glm\gtx\euler_angles.inl">
      <Filter>include\glm\gtx</Filter>
    </ClInclude>
    <ClInclude Include="include\glm\gtx\extend.hpp">
      <Filter>include\glm\gtx</Filter>
    </ClInclude>
    <ClInclude Include="include\glm\gtx\extend.inl">
      <Filter>include\glm\gtx</Filter>
    </ClInclude>
    <ClInclude Include="include\glm\gtx\extended_min_max.hpp">
      <Filter>include\glm\gtx</Filter>
    </ClInclude>
    <ClInclude Include="include\glm\gtx\extended_min_max.inl">
      <Filter>include\glm\gtx</Filter>
    </ClInclude>
    <ClInclude Include="include\glm\gtx\exterior_product.hpp">
      <Filter>include\glm\gtx</Filter>
    </ClInclude>
    <ClInclude Include="include\glm\gtx\exterior_product.inl">
      <Filter>include\glm\gtx</Filter>
    </ClInclude>
    <ClInclude Include="include\glm\gtx\fast_exponential.hpp">
      <Filter>include\glm\gtx</Filter>
    </ClInclude>
    <ClInclude Include="include\glm\gtx\fast_exponential.inl">
      <Filter>include\glm\gtx</Filter>
    </ClInclude>
    <ClInclude Include="include\glm\gtx\fast_square_root.hpp">
      <Filter>include\glm\gtx</Filter>
    </ClInclude>
    <ClInclude Include="include\glm\gtx\fast_square_root.inl">
      <Filter>include\glm\gtx</Filter>
    </ClInclude>
    <ClInclude Include="include\glm\gtx\fast_trigonometry.hpp">
      <Filter>include\glm\gtx</Filter>
    </ClInclude>
    <ClInclude Include="include\glm\gtx\fast_trigonometry.inl">
      <Filter>include\glm\gtx</Filter>
    </ClInclude>
    <ClInclude Include="include\glm\gtx\float_notmalize.inl">
      <Filter>include\glm\gtx</Filter>
    </ClInclude>
    <ClInclude Include="include\glm\gtx\functions.hpp">
      <Filter>include\glm\gtx</Filter>
    </ClInclude>
    <ClInclude Include="include\glm\gtx\functions.inl">
      <Filter>include\glm\gtx</Filter>
    </ClInclude>
    <ClInclude Include="include\glm\gtx\gradient_paint.hpp">
      <Filter>include\glm\gtx</Filter>
    </ClInclude>
    <ClInclude Include="include\glm\gtx\gradient_paint.inl">
      <Filter>include\glm\gtx</Filter>
    </ClInclude>
    <ClInclude Include="include\glm\gtx\handed_coordinate_space.hpp">
      <Filter>include\glm\gtx</Filter>
    </ClInclude>
    <ClInclude Include="include\glm\gtx\handed_coordinate_space.inl">
      <Filter>include\glm\gtx</Filter>
    </ClInclude>
    <ClInclude Include="include\glm\gtx\hash.hpp">
      <Filter>include\glm\gtx</Filter>
    </ClInclude>
    <ClInclude Include="include\glm\gtx\hash.inl">
      <Filter>include\glm\gtx</Filter>
    </ClInclude>
    <ClInclude Include="include\glm\gtx\integer.hpp">
      <Filter>include\glm\gtx</Filter>
    </ClInclude>
    <ClInclude Include="include\glm\gtx\integer.inl">
      <Filter>include\glm\gtx</Filter>
    </ClInclude>
    <ClInclude Include="include\glm\gtx\intersect.hpp">
      <Filter>include\glm\gtx</Filter>
    </ClInclude>
    <ClInclude Include="include\glm\gtx\intersect.inl">
      <Filter>include\glm\gtx</Filter>
    </ClInclude>
    <ClInclude Include="include\glm\gtx\io.hpp">
      <Filter>include\glm\gtx</Filter>
    </ClInclude>
    <ClInclude Include="include\glm\gtx\io.inl">
      <Filter>include\glm\gtx</Filter>
    </ClInclude>
    <ClInclude Include="include\glm\gtx\log_base.hpp">
      <Filter>include\glm\gtx</Filter>
    </ClInclude>
    <ClInclude Include="include\glm\gtx\log_base.inl">
      <Filter>include\glm\gtx</Filter>
    </ClInclude>
    <ClInclude Include="include\glm\gtx\matrix_cross_product.hpp">
      <Filter>include\glm\gtx</Filter>
    </ClInclude>
    <ClInclude Include="include\glm\gtx\matrix_cross_product.inl">
      <Filter>include\glm\gtx</Filter>
    </ClInclude>
    <ClInclude Include="include\glm\gtx\matrix_decompose.hpp">
      <Filter>include\glm\gtx</Filter>
    </ClInclude>
    <ClInclude Include="include\glm\gtx\matrix_decompose.inl">
      <Filter>include\glm\gtx</Filter>
    </ClInclude>
    <ClInclude Include="include\glm\gtx\matrix_factorisation.hpp">
      <Filter>include\glm\gtx</Filter>
    </ClInclude>
    <ClInclude Include="include\glm\gtx\matrix_factorisation.inl">
      <Filter>include\glm\gtx</Filter>
    </ClInclude>
    <ClInclude Include="include\glm\gtx\matrix_interpolation.hpp">
      <Filter>include\glm\gtx</Filter>
    </ClInclude>
    <ClInclude Include="include\glm\gtx\matrix_interpolation.inl">
      <Filter>include\glm\gtx</Filter>
    </ClInclude>
    <ClInclude Include="include\glm\gtx\matrix_major_storage.hpp">
      <Filter>include\glm\gtx</Filter>
    </ClInclude>
    <ClInclude Include="include\glm\gtx\matrix_major_storage.inl">
      <Filter>include\glm\gtx</Filter>
    </ClInclude>
    <ClInclude Include="include\glm\gtx\matrix_operation.hpp">
      <Filter>include\glm\gtx</Filter>
    </ClInclude>
    <ClInclude Include="include\glm\gtx\matrix_operation.inl">
      <Filter>include\glm\gtx</Filter>
    </ClInclude>
    <ClInclude Include="include\glm\gtx\matrix_query.hpp">
      <Filter>include\glm\gtx</Filter>
    </ClInclude>
    <ClInclude Include="include\glm\gtx\matrix_query.inl">
      <Filter>include\glm\gtx</Filter>
    </ClInclude>
    <ClInclude Include="include\glm\gtx\matrix_transform_2d.hpp">
      <Filter>include\glm\gtx</Filter>
    </ClInclude>
    <ClInclude Include="include\glm\gtx\matrix_transform_2d.inl">
      <Filter>include\glm\gtx</Filter>
    </ClInclude>
    <ClInclude Include="include\glm\gtx\mixed_product.hpp">
      <Filter>include\glm\gtx</Filter>
    </ClInclude>
    <ClInclude Include="include\glm\gtx\mixed_product.inl">
      <Filter>include\glm\gtx</Filter>
    </ClInclude>
    <ClInclude Include="include\glm\gtx\norm.hpp">
      <Filter>include\glm\gtx</Filter>
    </ClInclude>
    <ClInclude Include="include\glm\gtx\norm.inl">
      <Filter>include\glm\gtx</Filter>
    </ClInclude>
    <ClInclude Include="include\glm\gtx\normal.hpp">
      <Filter>include\glm\gtx</Filter>
    </ClInclude>
    <ClInclude Include="include\glm\gtx\normal.inl">
      <Filter>include\glm\gtx</Filter>
    </ClInclude>
    <ClInclude Include="include\glm\gtx\normalize_dot.hpp">
      <Filter>include\glm\gtx</Filter>
    </ClInclude>
    <ClInclude Include="include\glm\gtx\normalize_dot.inl">
      <Filter>include\glm\gtx</Filter>
    </ClInclude>
    <ClInclude Include="include\glm\gtx\number_precision.hpp">
      <Filter>include\glm\gtx</Filter>
    </ClInclude>
    <ClInclude Include="include\glm\gtx\number_precision.inl">
      <Filter>include\glm\gtx</Filter>
    </ClInclude>
    <ClInclude Include="include\glm\gtx\optimum_pow.hpp">
      <Filter>include\glm\gtx</Filter>
    </ClInclude>
    <ClInclude Include="include\glm\gtx\optimum_pow.inl">
      <Filter>include\glm\gtx</Filter>
    </ClInclude>
    <ClInclude Include="include\glm\gtx\orthonormalize.hpp">
      <Filter>include\glm\gtx</Filter>
    </ClInclude>
    <ClInclude Include="include\glm\gtx\orthonormalize.inl">
      <Filter>include\glm\gtx</Filter>
    </ClInclude>
    <ClInclude Include="include\glm\gtx\perpendicular.hpp">
      <Filter>include\glm\gtx</Filter>
    </ClInclude>
    <ClInclude Include="include\glm\gtx\perpendicular.inl">
      <Filter>include\glm\gtx</Filter>
    </ClInclude>
    <ClInclude Include="include\glm\gtx\polar_coordinates.hpp">
      <Filter>include\glm\gtx</Filter>
    </ClInclude>
    <ClInclude Include="include\glm\gtx\polar_coordinates.inl">
      <Filter>include\glm\gtx</Filter>
    </ClInclude>
    <ClInclude Include="include\glm\gtx\projection.hpp">
      <Filter>include\glm\gtx</Filter>
    </ClInclude>
    <ClInclude Include="include\glm\gtx\projection.inl">
      <Filter>include\glm\gtx</Filter>
    </ClInclude>
    <ClInclude Include="include\glm\gtx\quaternion.hpp">
      <Filter>include\glm\gtx</Filter>
    </ClInclude>
    <ClInclude Include="include\glm\gtx\quaternion.inl">
      <Filter>include\glm\gtx</Filter>
    </ClInclude>
    <ClInclude Include="include\glm\gtx\range.hpp">
      <Filter>include\glm\gtx</Filter>
    </ClInclude>
    <ClInclude Include="include\glm\gtx\raw_data.hpp">
      <Filter>include\glm\gtx</Filter>
    </ClInclude>
    <ClInclude Include="include\glm\gtx\raw_data.inl">
      <Filter>include\glm\gtx</Filter>
    </ClInclude>
    <ClInclude Include="include\glm\gtx\rotate_normalized_axis.hpp">
      <Filter>include\glm\gtx</Filter>
    </ClInclude>
    <ClInclude Include="include\glm\gtx\rotate_normalized_axis.inl">
      <Filter>include\glm\gtx</Filter>
    </ClInclude>
    <ClInclude Include="include\glm\gtx\rotate_vector.hpp">
      <Filter>include\glm\gtx</Filter>
    </ClInclude>
    <ClInclude Include="include\glm\gtx\rotate_vector.inl">
      <Filter>include\glm\gtx</Filter>
    </ClInclude>
    <ClInclude Include="include\glm\gtx\scalar_multiplication.hpp">
      <Filter>include\glm\gtx</Filter>
    </ClInclude>
    <ClInclude Include="include\glm\gtx\scalar_relational.hpp">
      <Filter>include\glm\gtx</Filter>
    </ClInclude>
    <ClInclude Include="include\glm\gtx\scalar_relational.inl">
      <Filter>include\glm\gtx</Filter>
    </ClInclude>
    <ClInclude Include="include\glm\gtx\spline.hpp">
      <Filter>include\glm\gtx</Filter>
    </ClInclude>
    <ClInclude Include="include\glm\gtx\spline.inl">
      <Filter>include\glm\gtx</Filter>
    </ClInclude>
    <ClInclude Include="include\glm\gtx\std_based_type.hpp">
      <Filter>include\glm\gtx</Filter>
    </ClInclude>
    <ClInclude Include="include\glm\gtx\std_based_type.inl">
      <Filter>include\glm\gtx</Filter>
    </ClInclude>
    <ClInclude Include="include\glm\gtx\string_cast.hpp">
      <Filter>include\glm\gtx</Filter>
    </ClInclude>
    <ClInclude Include="include\glm\gtx\string_cast.inl">
      <Filter>include\glm\gtx</Filter>
    </ClInclude>
    <ClInclude Include="include\glm\gtx\texture.hpp">
      <Filter>include\glm\gtx</Filter>
    </ClInclude>
    <ClInclude Include="include\glm\gtx\texture.inl">
      <Filter>include\glm\gtx</Filter>
    </ClInclude>
    <ClInclude Include="include\glm\gtx\transform.hpp">
      <Filter>include\glm\gtx</Filter>
    </ClInclude>
    <ClInclude Include="include\glm\gtx\transform.inl">
      <Filter>include\glm\gtx</Filter>
    </ClInclude>
    <ClInclude Include="include\glm\gtx\transform2.hpp">
      <Filter>include\glm\gtx</Filter>
    </ClInclude>
    <ClInclude Include="include\glm\gtx\transform2.inl">
      <Filter>include\glm\gtx</Filter>
    </ClInclude>
    <ClInclude Include="include\glm\gtx\type_aligned.hpp">
      <Filter>include\glm\gtx</Filter>
    </ClInclude>
    <ClInclude Include="include\glm\gtx\type_aligned.inl">
      <Filter>include\glm\gtx</Filter>
    </ClInclude>
    <ClInclude Include="include\glm\gtx\type_trait.hpp">
      <Filter>include\glm\gtx</Filter>
    </ClInclude>
    <ClInclude Include="include\glm\gtx\type_trait.inl">
      <Filter>include\glm\gtx</Filter>
    </ClInclude>
    <ClInclude Include="include\glm\gtx\vec_swizzle.hpp">
      <Filter>include\glm\gtx</Filter>
    </ClInclude>
    <ClInclude Include="include\glm\gtx\vector_angle.hpp">
      <Filter>include\glm\gtx</Filter>
    </ClInclude>
    <ClInclude Include="include\glm\gtx\vector_angle.inl">
      <Filter>include\glm\gtx</Filter>
    </ClInclude>
    <ClInclude Include="include\glm\gtx\vector_query.hpp">
      <Filter>include\glm\gtx</Filter>
    </ClInclude>
    <ClInclude Include="include\glm\gtx\vector_query.inl">
      <Filter>include\glm\gtx</Filter>
    </ClInclude>
    <ClInclude Include="include\glm\gtx\wrap.hpp">
      <Filter>include\glm\gtx</Filter>
    </ClInclude>
    <ClInclude Include="include\glm\gtx\wrap.inl">
      <Filter>include\glm\gtx</Filter>
    </ClInclude>
    <ClInclude Include="include\glm\integer.hpp">
      <Filter>include\glm</Filter>
    </ClInclude>
    <ClInclude Include="include\glm\mat2x2.hpp">
      <Filter>include\glm</Filter>
    </ClInclude>
    <ClInclude Include="include\glm\mat2x3.hpp">
      <Filter>include\glm</Filter>
    </ClInclude>
    <ClInclude Include="include\glm\mat2x4.hpp">
      <Filter>include\glm</Filter>
    </ClInclude>
    <ClInclude Include="include\glm\mat3x2.hpp">
      <Filter>include\glm</Filter>
    </ClInclude>
    <ClInclude Include="include\glm\mat3x3.hpp">
      <Filter>include\glm</Filter>
    </ClInclude>
    <ClInclude Include="include\glm\mat3x4.hpp">
      <Filter>include\glm</Filter>
    </ClInclude>
    <ClInclude Include="include\glm\mat4x2.hpp">
      <Filter>include\glm</Filter>
    </ClInclude>
    <ClInclude Include="include\glm\mat4x3.hpp">
      <Filter>include\glm</Filter>
    </ClInclude>
    <ClInclude Include="include\glm\mat4x4.hpp">
      <Filter>include\glm</Filter>
    </ClInclude>
    <ClInclude Include="include\glm\matrix.hpp">
      <Filter>include\glm</Filter>
    </ClInclude>
    <ClInclude Include="include\glm\packing.hpp">
      <Filter>include\glm</Filter>
    </ClInclude>
    <ClInclude Include="include\glm\simd\common.h">
      <Filter>include\glm\simd</Filter>
    </ClInclude>
    <ClInclude Include="include\glm\simd\exponential.h">
      <Filter>include\glm\simd</Filter>
    </ClInclude>
    <ClInclude Include="include\glm\simd\geometric.h">
      <Filter>include\glm\simd</Filter>
    </ClInclude>
    <ClInclude Include="include\glm\simd\integer.h">
      <Filter>include\glm\simd</Filter>
    </ClInclude>
    <ClInclude Include="include\glm\simd\matrix.h">
      <Filter>include\glm\simd</Filter>
    </ClInclude>
    <ClInclude Include="include\glm\simd\neon.h">
      <Filter>include\glm\simd</Filter>
    </ClInclude>
    <ClInclude Include="include\glm\simd\packing.h">
      <Filter>include\glm\simd</Filter>
    </ClInclude>
    <ClInclude Include="include\glm\simd\platform.h">
      <Filter>include\glm\simd</Filter>
    </ClInclude>
    <ClInclude Include="include\glm\simd\trigonometric.h">
      <Filter>include\glm\simd</Filter>
    </ClInclude>
    <ClInclude Include="include\glm\simd\vector_relational.h">
      <Filter>include\glm\simd</Filter>
    </ClInclude>
    <ClInclude Include="include\glm\trigonometric.hpp">
      <Filter>include\glm</Filter>
    </ClInclude>
    <ClInclude Include="include\glm\vec2.hpp">
      <Filter>include\glm</Filter>
    </ClInclude>
    <ClInclude Include="include\glm\vec3.hpp">
      <Filter>include\glm</Filter>
    </ClInclude>
    <ClInclude Include="include\glm\vec4.hpp">
      <Filter>include\glm</Filter>
    </ClInclude>
    <ClInclude Include="include\glm\vector_relational.hpp">
      <Filter>include\glm</Filter>
    </ClInclude>
    <ClInclude Include="include\lua\lauxlib.h">
      <Filter>include\lua</Filter>
    </ClInclude>
    <ClInclude Include="include\lua\lua.h">
      <Filter>include\lua</Filter>
    </ClInclude>
    <ClInclude Include="include\lua\lua.hpp">
      <Filter>include\lua</Filter>
    </ClInclude>
    <ClInclude Include="include\lua\luaconf.h">
      <Filter>include\lua</Filter>
    </ClInclude>
    <ClInclude Include="include\lua\lualib.h">
      <Filter>include\lua</Filter>
    </ClInclude>
    <ClInclude Include="include\nuklear\demo\allegro5\KeyboardHandleriOS.h">
      <Filter>include\nuklear\demo\allegro5</Filter>
    </ClInclude>
    <ClInclude Include="include\nuklear\demo\allegro5\nuklear_allegro5.h">
      <Filter>include\nuklear\demo\allegro5</Filter>
    </ClInclude>
    <ClInclude Include="include\nuklear\demo\common\filebrowser\stb_image.h">
      <Filter>include\nuklear\demo\common\filebrowser</Filter>
    </ClInclude>
    <ClInclude Include="include\nuklear\demo\d3d11\nuklear_d3d11.h">
      <Filter>include\nuklear\demo\d3d11</Filter>
    </ClInclude>
    <ClInclude Include="include\nuklear\demo\d3d11\nuklear_d3d11_pixel_shader.h">
      <Filter>include\nuklear\demo\d3d11</Filter>
    </ClInclude>
    <ClInclude Include="include\nuklear\demo\d3d11\nuklear_d3d11_vertex_shader.h">
      <Filter>include\nuklear\demo\d3d11</Filter>
    </ClInclude>
    <ClInclude Include="include\nuklear\demo\d3d12\nuklear_d3d12.h">
      <Filter>include\nuklear\demo\d3d12</Filter>
    </ClInclude>
    <ClInclude Include="include\nuklear\demo\d3d12\nuklear_d3d12_pixel_shader.h">
      <Filter>include\nuklear\demo\d3d12</Filter>
    </ClInclude>
    <ClInclude Include="include\nuklear\demo\d3d12\nuklear_d3d12_vertex_shader.h">
      <Filter>include\nuklear\demo\d3d12</Filter>
    </ClInclude>
    <ClInclude Include="include\nuklear\demo\d3d9\nuklear_d3d9.h">
      <Filter>include\nuklear\demo\d3d9</Filter>
    </ClInclude>
    <ClInclude Include="include\nuklear\demo\gdi\nuklear_gdi.h">
      <Filter>include\nuklear\demo\gdi</Filter>
    </ClInclude>
    <ClInclude Include="include\nuklear\demo\gdi_native_nuklear\nuklear_gdi.h">
      <Filter>include\nuklear\demo\gdi_native_nuklear</Filter>
    </ClInclude>
    <ClInclude Include="include\nuklear\demo\gdi_native_nuklear\window.h">
      <Filter>include\nuklear\demo\gdi_native_nuklear</Filter>
    </ClInclude>
    <ClInclude Include="include\nuklear\demo\gdip\nuklear_gdip.h">
      <Filter>include\nuklear\demo\gdip</Filter>
    </ClInclude>
    <ClInclude Include="include\nuklear\demo\glfw_opengl2\nuklear_glfw_gl2.h">
      <Filter>include\nuklear\demo\glfw_opengl2</Filter>
    </ClInclude>
    <ClInclude Include="include\nuklear\demo\glfw_opengl3\nuklear_glfw_gl3.h">
      <Filter>include\nuklear\demo\glfw_opengl3</Filter>
    </ClInclude>
    <ClInclude Include="include\nuklear\demo\glfw_opengl4\nuklear_glfw_gl4.h">
      <Filter>include\nuklear\demo\glfw_opengl4</Filter>
    </ClInclude>
    <ClInclude Include="include\nuklear\demo\sdl2surface_rawfb\sdl2surface_rawfb.h">
      <Filter>include\nuklear\demo\sdl2surface_rawfb</Filter>
    </ClInclude>
    <ClInclude Include="include\nuklear\demo\sdl_opengl3\nuklear_sdl_gl3.h">
      <Filter>include\nuklear\demo\sdl_opengl3</Filter>
    </ClInclude>
    <ClInclude Include="include\nuklear\demo\sdl_opengles2\nuklear_sdl_gles2.h">
      <Filter>include\nuklear\demo\sdl_opengles2</Filter>
    </ClInclude>
    <ClInclude Include="include\nuklear\demo\sdl_renderer\nuklear_sdl_renderer.h">
      <Filter>include\nuklear\demo\sdl_renderer</Filter>
    </ClInclude>
    <ClInclude Include="include\nuklear\demo\sfml_opengl2\nuklear_sfml_gl2.h">
      <Filter>include\nuklear\demo\sfml_opengl2</Filter>
    </ClInclude>
    <ClInclude Include="include\nuklear\demo\sfml_opengl3\nuklear_sfml_gl3.h">
      <Filter>include\nuklear\demo\sfml_opengl3</Filter>
    </ClInclude>
    <ClInclude Include="include\nuklear\demo\wayland_rawfb\nuklear_raw_wayland.h">
      <Filter>include\nuklear\demo\wayland_rawfb</Filter>
    </ClInclude>
    <ClInclude Include="include\nuklear\demo\x11\nuklear_xlib.h">
      <Filter>include\nuklear\demo\x11</Filter>
    </ClInclude>
    <ClInclude Include="include\nuklear\demo\x11_opengl2\nuklear_xlib_gl2.h">
      <Filter>include\nuklear\demo\x11_opengl2</Filter>
    </ClInclude>
    <ClInclude Include="include\nuklear\demo\x11_opengl3\nuklear_xlib_gl3.h">
      <Filter>include\nuklear\demo\x11_opengl3</Filter>
    </ClInclude>
    <ClInclude Include="include\nuklear\demo\x11_rawfb\nuklear_rawfb.h">
      <Filter>include\nuklear\demo\x11_rawfb</Filter>
    </ClInclude>
    <ClInclude Include="include\nuklear\demo\x11_rawfb\nuklear_xlib.h">
      <Filter>include\nuklear\demo\x11_rawfb</Filter>
    </ClInclude>
    <ClInclude Include="include\nuklear\demo\x11_xft\nuklear_xlib.h">
      <Filter>include\nuklear\demo\x11_xft</Filter>
    </ClInclude>
    <ClInclude Include="include\nuklear\example\stb_image.h">
      <Filter>include\nuklear\example</Filter>
    </ClInclude>
    <ClInclude Include="include\nuklear\nuklear.h">
      <Filter>include\nuklear</Filter>
    </ClInclude>
    <ClInclude Include="include\nuklear\nuklear_sdl_gl2.h">
      <Filter>include\nuklear</Filter>
    </ClInclude>
    <ClInclude Include="include\nuklear\nuklear_sdl_gl3.h">
      <Filter>include\nuklear</Filter>
    </ClInclude>
    <ClInclude Include="include\nuklear\src\nuklear.h">
      <Filter>include\nuklear\src</Filter>
    </ClInclude>
    <ClInclude Include="include\nuklear\src\nuklear_internal.h">
      <Filter>include\nuklear\src</Filter>
    </ClInclude>
    <ClInclude Include="include\nuklear\src\stb_rect_pack.h">
      <Filter>include\nuklear\src</Filter>
    </ClInclude>
    <ClInclude Include="include\nuklear\src\stb_truetype.h">
      <Filter>include\nuklear\src</Filter>
    </ClInclude>
    <ClInclude Include="include\sol\sol.hpp">
      <Filter>include\sol</Filter>
    </ClInclude>
    <ClInclude Include="src\Engine.h">
      <Filter>src</Filter>
    </ClInclude>
    <ClInclude Include="src\Entities\Components.h">
      <Filter>src\Entities</Filter>
    </ClInclude>
    <ClInclude Include="src\Entities\ECS.h">
      <Filter>src\Entities</Filter>
    </ClInclude>
    <ClInclude Include="src\EntryPoint.h">
      <Filter>src</Filter>
    </ClInclude>
    <ClInclude Include="src\GUISystem\GuiLayer.h">
      <Filter>src\GUISystem</Filter>
    </ClInclude>
    <ClInclude Include="src\GUISystem\ImGui.h">
      <Filter>src\GUISystem</Filter>
    </ClInclude>
    <ClInclude Include="src\Platforms\OpenGL\OpenGLContext.h">
      <Filter>src\Platforms\OpenGL</Filter>
    </ClInclude>
    <ClInclude Include="src\Platforms\OpenGL\OpenGLFramebuffer.h">
      <Filter>src\Platforms\OpenGL</Filter>
    </ClInclude>
    <ClInclude Include="src\Platforms\OpenGL\OpenGLRenderAPI.h">
      <Filter>src\Platforms\OpenGL</Filter>
    </ClInclude>
    <ClInclude Include="src\Platforms\OpenGL\OpenGLShader.h">
      <Filter>src\Platforms\OpenGL</Filter>
    </ClInclude>
    <ClInclude Include="src\Platforms\OpenGLES3\OpenGLES3Context.h">
      <Filter>src\Platforms\OpenGLES3</Filter>
    </ClInclude>
    <ClInclude Include="src\Platforms\OpenGLES3\OpenGLES3Framebuffer.h">
      <Filter>src\Platforms\OpenGLES3</Filter>
    </ClInclude>
    <ClInclude Include="src\Platforms\OpenGLES3\OpenGLES3Shader.h">
      <Filter>src\Platforms\OpenGLES3</Filter>
    </ClInclude>
    <ClInclude Include="src\Render\Camera\Camera.h">
      <Filter>src\Render\Camera</Filter>
    </ClInclude>
    <ClInclude Include="src\Render\Camera\EditorCamera.h">
      <Filter>src\Render\Camera</Filter>
    </ClInclude>
    <ClInclude Include="src\Render\Framebuffer.h">
      <Filter>src\Render</Filter>
    </ClInclude>
    <ClInclude Include="src\Render\GraphicsContext.h">
      <Filter>src\Render</Filter>
    </ClInclude>
    <ClInclude Include="src\Render\RenderAPI.h">
      <Filter>src\Render</Filter>
    </ClInclude>
    <ClInclude Include="src\Render\RenderGlobals.h">
      <Filter>src\Render</Filter>
    </ClInclude>
    <ClInclude Include="src\Render\Shader.h">
      <Filter>src\Render</Filter>
    </ClInclude>
    <ClInclude Include="src\Render\Texture.h">
      <Filter>src\Render</Filter>
    </ClInclude>
    <ClInclude Include="src\Systems\MovementSystem.h">
      <Filter>src\Systems</Filter>
    </ClInclude>
    <ClInclude Include="src\Systems\PhysicsSystem.h">
      <Filter>src\Systems</Filter>
    </ClInclude>
    <ClInclude Include="src\Systems\RenderSystem.h">
      <Filter>src\Systems</Filter>
    </ClInclude>
    <ClInclude Include="src\Systems\UISystem.h">
      <Filter>src\Systems</Filter>
    </ClInclude>
    <ClInclude Include="src\core\Application.h">
      <Filter>src\core</Filter>
    </ClInclude>
    <ClInclude Include="src\core\AssetManager.h">
      <Filter>src\core</Filter>
    </ClInclude>
    <ClInclude Include="src\core\Core.h">
      <Filter>src\core</Filter>
    </ClInclude>
    <ClInclude Include="src\core\Events.h">
      <Filter>src\core</Filter>
    </ClInclude>
    <ClInclude Include="src\core\Layer.h">
      <Filter>src\core</Filter>
    </ClInclude>
    <ClInclude Include="src\core\Logger.h">
      <Filter>src\core</Filter>
    </ClInclude>
    <ClInclude Include="src\core\Scene.h">
      <Filter>src\core</Filter>
    </ClInclude>
    <ClInclude Include="src\core\Timestep.h">
      <Filter>src\core</Filter>
    </ClInclude>
    <ClInclude Include="src\core\UUID.h">
      <Filter>src\core</Filter>
    </ClInclude>
    <ClInclude Include="src\core\Window.h">
      <Filter>src\core</Filter>
    </ClInclude>
    <ClInclude Include="src\imgui\imconfig.h">
      <Filter>src\imgui</Filter>
    </ClInclude>
    <ClInclude Include="src\imgui\imgui.h">
      <Filter>src\imgui</Filter>
    </ClInclude>
    <ClInclude Include="src\imgui\imgui_freetype.h">
      <Filter>src\imgui</Filter>
    </ClInclude>
    <ClInclude Include="src\imgui\imgui_impl_opengl3.h">
      <Filter>src\imgui</Filter>
    </ClInclude>
    <ClInclude Include="src\imgui\imgui_impl_opengl3_loader.h">
      <Filter>src\imgui</Filter>
    </ClInclude>
    <ClInclude Include="src\imgui\imgui_impl_sdl.h">
      <Filter>src\imgui</Filter>
    </ClInclude>
    <ClInclude Include="src\imgui\imgui_internal.h">
      <Filter>src\imgui</Filter>
    </ClInclude>
    <ClInclude Include="src\imgui\imstb_rectpack.h">
      <Filter>src\imgui</Filter>
    </ClInclude>
    <ClInclude Include="src\imgui\imstb_textedit.h">
      <Filter>src\imgui</Filter>
    </ClInclude>
    <ClInclude Include="src\imgui\imstb_truetype.h">
      <Filter>src\imgui</Filter>
    </ClInclude>
    <ClInclude Include="src\pch.h">
      <Filter>src</Filter>
    </ClInclude>
    <ClInclude Include="src\Render\Buffer.h" />
    <ClInclude Include="src\Render\VertexArray.h" />
    <ClInclude Include="src\Platforms\OpenGL\OpenGLBuffer.h" />
    <ClInclude Include="src\Platforms\OpenGLES3\OpenGLES3Buffer.h" />
    <ClInclude Include="src\Platforms\OpenGL\OpenGLTexture.h" />
    <ClInclude Include="src\Platforms\OpenGLES3\OpenGLES3Texture.h" />
    <ClInclude Include="src\Platforms\OpenGL\OpenGLVertexArray.h" />
    <ClInclude Include="src\Platforms\OpenGLES3\OpenGLES3VertexArray.h" />
  </ItemGroup>
  <ItemGroup>
    <ClCompile Include="src\Entities\ECS.cpp">
      <Filter>src\Entities</Filter>
    </ClCompile>
    <ClCompile Include="src\GUISystem\GuiLayer.cpp">
      <Filter>src\GUISystem</Filter>
    </ClCompile>
    <ClCompile Include="src\Platforms\OpenGL\OpenGLContext.cpp">
      <Filter>src\Platforms\OpenGL</Filter>
    </ClCompile>
    <ClCompile Include="src\Platforms\OpenGL\OpenGLFramebuffer.cpp">
      <Filter>src\Platforms\OpenGL</Filter>
    </ClCompile>
    <ClCompile Include="src\Platforms\OpenGL\OpenGLRenderAPI.cpp">
      <Filter>src\Platforms\OpenGL</Filter>
    </ClCompile>
    <ClCompile Include="src\Platforms\OpenGL\OpenGLShader.cpp">
      <Filter>src\Platforms\OpenGL</Filter>
    </ClCompile>
    <ClCompile Include="src\Platforms\OpenGLES3\OpenGLES3Context.cpp">
      <Filter>src\Platforms\OpenGLES3</Filter>
    </ClCompile>
    <ClCompile Include="src\Platforms\OpenGLES3\OpenGLES3Framebuffer.cpp">
      <Filter>src\Platforms\OpenGLES3</Filter>
    </ClCompile>
    <ClCompile Include="src\Platforms\OpenGLES3\OpenGLES3Shader.cpp">
      <Filter>src\Platforms\OpenGLES3</Filter>
    </ClCompile>
    <ClCompile Include="src\Render\Camera\EditorCamera.cpp">
      <Filter>src\Render\Camera</Filter>
    </ClCompile>
    <ClCompile Include="src\Render\Framebuffer.cpp">
      <Filter>src\Render</Filter>
    </ClCompile>
    <ClCompile Include="src\Render\GraphicsContext.cpp">
      <Filter>src\Render</Filter>
    </ClCompile>
    <ClCompile Include="src\Render\RenderAPI.cpp">
      <Filter>src\Render</Filter>
    </ClCompile>
    <ClCompile Include="src\Render\RenderGlobals.cpp">
      <Filter>src\Render</Filter>
    </ClCompile>
    <ClCompile Include="src\Render\Shader.cpp">
      <Filter>src\Render</Filter>
    </ClCompile>
    <ClCompile Include="src\Render\Texture.cpp">
      <Filter>src\Render</Filter>
    </ClCompile>
    <ClCompile Include="src\Systems\MovementSystem.cpp">
      <Filter>src\Systems</Filter>
    </ClCompile>
    <ClCompile Include="src\Systems\PhysicsSystem.cpp">
      <Filter>src\Systems</Filter>
    </ClCompile>
    <ClCompile Include="src\Systems\RenderSystem.cpp">
      <Filter>src\Systems</Filter>
    </ClCompile>
    <ClCompile Include="src\Systems\UISystem.cpp">
      <Filter>src\Systems</Filter>
    </ClCompile>
    <ClCompile Include="src\core\Application.cpp">
      <Filter>src\core</Filter>
    </ClCompile>
    <ClCompile Include="src\core\AssetManager.cpp">
      <Filter>src\core</Filter>
    </ClCompile>
    <ClCompile Include="src\core\Events.cpp">
      <Filter>src\core</Filter>
    </ClCompile>
    <ClCompile Include="src\core\Layer.cpp">
      <Filter>src\core</Filter>
    </ClCompile>
    <ClCompile Include="src\core\Logger.cpp">
      <Filter>src\core</Filter>
    </ClCompile>
    <ClCompile Include="src\core\Scene.cpp">
      <Filter>src\core</Filter>
    </ClCompile>
    <ClCompile Include="src\core\UUID.cpp">
      <Filter>src\core</Filter>
    </ClCompile>
    <ClCompile Include="src\core\Window.cpp">
      <Filter>src\core</Filter>
    </ClCompile>
    <ClCompile Include="src\imgui\imgui.cpp">
      <Filter>src\imgui</Filter>
    </ClCompile>
    <ClCompile Include="src\imgui\imgui_demo.cpp">
      <Filter>src\imgui</Filter>
    </ClCompile>
    <ClCompile Include="src\imgui\imgui_draw.cpp">
      <Filter>src\imgui</Filter>
    </ClCompile>
    <ClCompile Include="src\imgui\imgui_impl_opengl3.cpp">
      <Filter>src\imgui</Filter>
    </ClCompile>
    <ClCompile Include="src\imgui\imgui_impl_sdl.cpp">
      <Filter>src\imgui</Filter>
    </ClCompile>
    <ClCompile Include="src\imgui\imgui_tables.cpp">
      <Filter>src\imgui</Filter>
    </ClCompile>
    <ClCompile Include="src\imgui\imgui_widgets.cpp">
      <Filter>src\imgui</Filter>
    </ClCompile>
    <ClCompile Include="src\pch.cpp">
      <Filter>src</Filter>
    </ClCompile>
    <ClCompile Include="src\Render\Buffer.cpp" />
    <ClCompile Include="src\Render\VertexArray.cpp" />
    <ClCompile Include="src\Platforms\OpenGL\OpenGLBuffer.cpp" />
    <ClCompile Include="src\Platforms\OpenGLES3\OpenGLES3Buffer.cpp" />
    <ClCompile Include="src\Platforms\OpenGL\OpenGLTexture.cpp" />
    <ClCompile Include="src\Platforms\OpenGLES3\OpenGLES3Texture.cpp" />
    <ClCompile Include="src\Platforms\OpenGL\OpenGLVertexArray.cpp" />
    <ClCompile Include="src\Platforms\OpenGLES3\OpenGLES3VertexArray.cpp" />
  </ItemGroup>
</Project>